#MicroXplorer Configuration settings - do not modify
ADC1.Channel-0\#ChannelRegularConversion=ADC_CHANNEL_4
ADC1.CommonPathInternal=null|null|null|null
ADC1.IPParameters=Rank-0\#ChannelRegularConversion,Channel-0\#ChannelRegularConversion,SamplingTime-0\#ChannelRegularConversion,OffsetNumber-0\#ChannelRegularConversion,NbrOfConversionFlag,master,CommonPathInternal
ADC1.NbrOfConversionFlag=1
ADC1.OffsetNumber-0\#ChannelRegularConversion=ADC_OFFSET_NONE
ADC1.Rank-0\#ChannelRegularConversion=1
ADC1.SamplingTime-0\#ChannelRegularConversion=ADC_SAMPLETIME_2CYCLES_5
ADC1.master=1
CAD.formats=
CAD.pinconfig=
CAD.provider=
File.Version=6
GPIO.groupedBy=
I2C3.IPParameters=Timing
I2C3.Timing=0x10707DBC
KeepUserPlacement=false
LPUART1.BaudRate=115200
LPUART1.IPParameters=BaudRate
MMTAppRegionsCount=0
MMTConfigApplied=false
Mcu.CPN=STM32WB5MMGH6TR
Mcu.Family=STM32WB
Mcu.IP0=ADC1
Mcu.IP1=HSEM
Mcu.IP10=RTC
Mcu.IP11=SEQUENCER
Mcu.IP12=STM32_WPAN
Mcu.IP13=SYS
Mcu.IP14=TINY_LPM
Mcu.IP2=I2C3
Mcu.IP3=IPCC
Mcu.IP4=LPUART1
Mcu.IP5=MEMORYMAP
Mcu.IP6=NVIC
Mcu.IP7=QUADSPI
Mcu.IP8=RCC
Mcu.IP9=RF
Mcu.IPNb=15
Mcu.Name=STM32WB5MMGHx
Mcu.Package=LGA86
Mcu.Pin0=PA2
Mcu.Pin1=PA1
Mcu.Pin10=PB5
Mcu.Pin11=PB4
Mcu.Pin12=PB3
Mcu.Pin13=PC10
Mcu.Pin14=PC11
Mcu.Pin15=PC12
Mcu.Pin16=PA13
Mcu.Pin17=PA14
Mcu.Pin18=PA15
Mcu.Pin19=PA10
Mcu.Pin2=PA0
Mcu.Pin20=PA12
Mcu.Pin21=PA11
Mcu.Pin22=PD0
Mcu.Pin23=PD1
Mcu.Pin24=PB13
Mcu.Pin25=PC6
Mcu.Pin26=PB14
Mcu.Pin27=PB15
Mcu.Pin28=PB6
Mcu.Pin29=PC13
Mcu.Pin3=PC3
Mcu.Pin30=PB12
Mcu.Pin31=PE4
Mcu.Pin32=PC5
Mcu.Pin33=PB10
Mcu.Pin34=PB2
Mcu.Pin35=PC4
Mcu.Pin36=PA8
Mcu.Pin37=PA9
Mcu.Pin38=PA7
Mcu.Pin39=PA6
Mcu.Pin4=PC2
Mcu.Pin40=PA5
Mcu.Pin41=PA4
Mcu.Pin42=PA3
Mcu.Pin43=PH0
Mcu.Pin44=PH1
Mcu.Pin45=PD14
Mcu.Pin46=PE1
Mcu.Pin47=PD13
Mcu.Pin48=PD12
Mcu.Pin49=PD7
Mcu.Pin5=PC1
Mcu.Pin50=PD2
Mcu.Pin51=PC9
Mcu.Pin52=PD3
Mcu.Pin53=PC7
Mcu.Pin54=PE3
Mcu.Pin55=PD4
Mcu.Pin56=PD9
Mcu.Pin57=PD8
Mcu.Pin58=PD15
Mcu.Pin59=PD10
Mcu.Pin6=PB9
Mcu.Pin60=PE2
Mcu.Pin61=PE0
Mcu.Pin62=PD5
Mcu.Pin63=PD6
Mcu.Pin64=PD11
Mcu.Pin65=PC8
Mcu.Pin66=VP_HSEM_VS_HSEM
Mcu.Pin67=VP_IPCC_VS_IPCC
Mcu.Pin68=VP_RCC_V_OSC_IN
Mcu.Pin69=VP_RCC_V_OSC32_IN
Mcu.Pin7=PC0
Mcu.Pin70=VP_RF_VS_RF
Mcu.Pin71=VP_RTC_VS_RTC_Activate
Mcu.Pin72=VP_RTC_VS_RTC_WakeUp_intern
Mcu.Pin73=VP_SEQUENCER_VS_SEQUENCER
Mcu.Pin74=VP_STM32_WPAN_VS_BLE_HOST
Mcu.Pin75=VP_SYS_VS_Systick
Mcu.Pin76=VP_TINY_LPM_VS_TINY_LPM
Mcu.Pin77=VP_MEMORYMAP_VS_MEMORYMAP
Mcu.Pin8=PB8
Mcu.Pin9=PB7
Mcu.PinsNb=78
Mcu.ThirdPartyNb=0
Mcu.UserConstants=
Mcu.UserName=STM32WB5MMGHx
MxCube.Version=6.9.0
MxDb.Version=DB.6.0.90
NVIC.BusFault_IRQn=true\:0\:0\:false\:false\:true\:false\:false\:false
NVIC.DebugMonitor_IRQn=true\:0\:0\:false\:false\:true\:false\:false\:false
NVIC.ForceEnableDMAVector=true
NVIC.HSEM_IRQn=true\:0\:0\:false\:false\:true\:false\:true\:true
NVIC.HardFault_IRQn=true\:0\:0\:false\:false\:true\:false\:false\:false
NVIC.IPCC_C1_RX_IRQn=true\:0\:0\:false\:false\:true\:true\:true\:true
NVIC.IPCC_C1_TX_IRQn=true\:0\:0\:false\:false\:true\:true\:true\:true
NVIC.LPUART1_IRQn=true\:0\:0\:false\:false\:true\:true\:true\:true
NVIC.MemoryManagement_IRQn=true\:0\:0\:false\:false\:true\:false\:false\:false
NVIC.NonMaskableInt_IRQn=true\:0\:0\:false\:false\:true\:false\:false\:false
NVIC.PendSV_IRQn=true\:0\:0\:false\:false\:true\:false\:false\:false
NVIC.PriorityGroup=NVIC_PRIORITYGROUP_4
NVIC.RTC_WKUP_IRQn=true\:0\:0\:false\:false\:true\:true\:true\:true
NVIC.SVCall_IRQn=true\:0\:0\:false\:false\:true\:false\:false\:false
NVIC.SysTick_IRQn=true\:0\:0\:false\:false\:true\:false\:true\:false
NVIC.UsageFault_IRQn=true\:0\:0\:false\:false\:true\:false\:false\:false
PA0.Locked=true
PA0.Signal=ADCx_IN5
PA1.Locked=true
PA1.Signal=SPI1_SCK
PA10.Locked=true
PA10.Signal=I2C1_SDA
PA11.GPIOParameters=GPIO_Label
PA11.GPIO_Label=USB_N
PA11.Locked=true
PA11.Signal=USB_DM
PA12.GPIOParameters=GPIO_Label
PA12.GPIO_Label=USB_P
PA12.Locked=true
PA12.Signal=USB_DP
PA13.GPIOParameters=GPIO_Label
PA13.GPIO_Label=T_SWDIO
PA13.Locked=true
PA13.Signal=SYS_JTMS-SWDIO
PA14.GPIOParameters=GPIO_Label
PA14.GPIO_Label=T_SWCLK
PA14.Locked=true
PA14.Signal=SYS_JTCK-SWCLK
PA15.Locked=true
PA15.Signal=S_TIM2_CH1
PA2.Locked=true
PA2.Signal=ADCx_IN7
PA3.GPIOParameters=GPIO_Speed,GPIO_Label
PA3.GPIO_Label=QSPI_BK_SCK
PA3.GPIO_Speed=GPIO_SPEED_FREQ_HIGH
PA3.Locked=true
PA3.Mode=Single Bank 1
PA3.Signal=QUADSPI_CLK
PA4.Locked=true
PA4.Signal=SPI1_NSS
PA5.Locked=true
PA5.Signal=ADCx_IN10
PA6.Locked=true
PA6.Signal=LPUART1_CTS
PA7.Locked=true
PA7.Signal=SPI1_MOSI
PA8.GPIOParameters=GPIO_Label
PA8.GPIO_Label=SAI1_CK2
PA8.Locked=true
PA8.Signal=SAI1_CK2
PA9.GPIOParameters=GPIO_Label
PA9.GPIO_Label=SAI1_D2
PA9.Locked=true
PA9.Signal=SAI1_D2
PB10.Locked=true
PB10.Signal=S_TIM2_CH3
PB12.Locked=true
PB12.Signal=LPUART1_RTS
PB13.GPIOParameters=GPIO_Label,GPIO_Pu
PB13.GPIO_Label=I2C3_SCL
PB13.GPIO_Pu=GPIO_PULLUP
PB13.Locked=true
PB13.Mode=I2C
PB13.Signal=I2C3_SCL
PB14.GPIOParameters=GPIO_Label,GPIO_Pu
PB14.GPIO_Label=I2C3_SDA
PB14.GPIO_Pu=GPIO_PULLUP
PB14.Locked=true
PB14.Mode=I2C
PB14.Signal=I2C3_SDA
PB15.Locked=true
PB15.Signal=SPI2_MOSI
PB2.Locked=true
PB2.Signal=GPIO_Input
PB3.GPIOParameters=GPIO_Label
PB3.GPIO_Label=T_SWO
PB3.Locked=true
PB3.Signal=SYS_JTDO-SWO
PB4.Locked=true
PB4.Signal=SPI1_MISO
PB5.GPIOParameters=GPIO_PuPd,GPIO_Label
PB5.GPIO_Label=LPUART1_TX_MCU
PB5.GPIO_PuPd=GPIO_PULLUP
PB5.Locked=true
PB5.Mode=Asynchronous
PB5.Signal=LPUART1_TX
PB6.GPIOParameters=GPIO_Label
PB6.GPIO_Label=VCP_TX
PB6.Locked=true
PB6.Signal=USART1_TX
PB7.GPIOParameters=GPIO_Label
PB7.GPIO_Label=VCP_RX
PB7.Locked=true
PB7.Signal=USART1_RX
PB8.Locked=true
PB8.Signal=I2C1_SCL
PB9.GPIOParameters=GPIO_Speed,GPIO_Label
PB9.GPIO_Label=QSPI_BK_IO0
PB9.GPIO_Speed=GPIO_SPEED_FREQ_HIGH
PB9.Locked=true
PB9.Mode=Single Bank 1
PB9.Signal=QUADSPI_BK1_IO0
PC0.GPIOParameters=GPIO_PuPd,GPIO_Label
PC0.GPIO_Label=LPUART1_RX_MCU
PC0.GPIO_PuPd=GPIO_PULLUP
PC0.Locked=true
PC0.Mode=Asynchronous
PC0.Signal=LPUART1_RX
PC1.Locked=true
PC1.Signal=ADCx_IN2
PC10.Locked=true
PC10.Signal=GPIO_Input
PC11.Locked=true
PC11.Signal=GPIO_Input
PC12.Locked=true
PC12.Signal=GPXTI12
PC13.GPIOParameters=GPIO_Label
PC13.GPIO_Label=User-B2
PC13.Locked=true
PC13.Signal=SYS_WKUP2
PC2.Locked=true
PC2.Signal=GPIO_Input
PC3.Locked=true
PC3.Signal=ADCx_IN4
PC4.Locked=true
PC4.Signal=ADCx_IN13
PC5.Locked=true
PC5.Signal=ADCx_IN14
PC6.Locked=true
PC6.Signal=GPXTI6
PC7.GPIOParameters=GPIO_Label
PC7.GPIO_Label=TSC_G4_IO2
PC7.Locked=true
PC7.Signal=TSC_G4_IO2
PC8.GPIOParameters=GPIO_Label
PC8.GPIO_Label=RST_DISP
PC8.Locked=true
PC8.Signal=GPIO_Output
PC9.GPIOParameters=GPIO_Label
PC9.GPIO_Label=D/C_DISP
PC9.Locked=true
PC9.Signal=GPIO_Output
PCC.Ble.ConnectionInterval=1000.0
PCC.Ble.DataLength=6
PCC.Ble.IsUsed=false
PCC.Ble.Mode=NOT_SELECTED
PCC.Ble.PowerLevel=Min
PCC.Zigbee.IsUsed=false
PCC.Zigbee.Mode=Sleepy End Device
PCC.Zigbee.Payload=15
PCC.Zigbee.PoolPeriodicity=480.0
PCC.Zigbee.PowerLevel=Min
PCC.Zigbee.RequestPeriodicity=1500.0
PD0.Locked=true
PD0.Signal=SPI2_NSS
PD1.Locked=true
PD1.Signal=SPI2_SCK
PD10.GPIOParameters=GPIO_Label
PD10.GPIO_Label=TSC_G6_IO1
PD10.Locked=true
PD10.Signal=TSC_G6_IO1
PD11.GPIOParameters=GPIO_Label
PD11.GPIO_Label=TSC_G6_IO2
PD11.Locked=true
PD11.Signal=TSC_G6_IO2
PD12.GPIOParameters=PinState,GPIO_Label
PD12.GPIO_Label=Blue_Led
PD12.Locked=true
PD12.PinState=GPIO_PIN_SET
PD12.Signal=GPIO_Output
PD13.GPIOParameters=PinState,GPIO_Label
PD13.GPIO_Label=Green_Led
PD13.Locked=true
PD13.PinState=GPIO_PIN_SET
PD13.Signal=GPIO_Output
PD14.GPIOParameters=PinState,GPIO_PuPd,GPIO_Label,GPIO_ModeDefaultOutputPP
PD14.GPIO_Label=Yellow_Led
PD14.GPIO_ModeDefaultOutputPP=GPIO_MODE_OUTPUT_PP
PD14.GPIO_PuPd=GPIO_NOPULL
PD14.Locked=true
PD14.PinState=GPIO_PIN_SET
PD14.Signal=GPIO_Output
PD15.GPIOParameters=PinState,GPIO_Label
PD15.GPIO_Label=Red_Led
PD15.Locked=true
PD15.PinState=GPIO_PIN_SET
PD15.Signal=GPIO_Output
PD2.GPIOParameters=GPIO_Label
PD2.GPIO_Label=EOC
PD2.Locked=true
PD2.Signal=GPXTI2
PD3.GPIOParameters=GPIO_Speed,GPIO_PuPd,GPIO_Label
PD3.GPIO_Label=QSPI_BK_NCS
PD3.GPIO_PuPd=GPIO_PULLUP
PD3.GPIO_Speed=GPIO_SPEED_FREQ_HIGH
PD3.Locked=true
PD3.Mode=Single Bank 1
PD3.Signal=QUADSPI_BK1_NCS
PD4.Locked=true
PD4.Signal=GPIO_Input
PD5.GPIOParameters=GPIO_Speed,GPIO_Label
PD5.GPIO_Label=QSPI_BK_IO1
PD5.GPIO_Speed=GPIO_SPEED_FREQ_HIGH
PD5.Locked=true
PD5.Mode=Single Bank 1
PD5.Signal=QUADSPI_BK1_IO1
PD6.GPIOParameters=GPIO_Speed,GPIO_Label
PD6.GPIO_Label=QSPI_BK_IO2
PD6.GPIO_Speed=GPIO_SPEED_FREQ_HIGH
PD6.Locked=true
PD6.Mode=Single Bank 1
PD6.Signal=QUADSPI_BK1_IO2
PD7.GPIOParameters=GPIO_Speed
PD7.GPIO_Speed=GPIO_SPEED_FREQ_HIGH
PD7.Mode=Single Bank 1
PD7.Signal=QUADSPI_BK1_IO3
PD8.Locked=true
PD8.Signal=GPIO_Output
PD9.GPIOParameters=GPIO_Label
PD9.GPIO_Label=PWR
PD9.Locked=true
PD9.Signal=GPXTI9
PE0.Locked=true
PE0.Signal=S_TIM16_CH1
PE1.GPIOParameters=GPIO_Label
PE1.GPIO_Label=DRDY
PE1.Locked=true
PE1.Signal=GPIO_Input
PE2.GPIOParameters=GPIO_Label
PE2.GPIO_Label=GPIO_SELECT1
PE2.Locked=true
PE2.Signal=GPIO_Output
PE3.Locked=true
PE3.Signal=GPXTI3
PE4.Locked=true
PE4.Signal=GPIO_Input
PH0.GPIOParameters=GPIO_Label
PH0.GPIO_Label=CS_DISP
PH0.Locked=true
PH0.Signal=GPIO_Output
PH1.GPIOParameters=GPIO_Label
PH1.GPIO_Label=GPIO_SELECT2
PH1.Locked=true
PH1.Signal=GPIO_Output
PinOutPanel.CurrentBGAView=Top
PinOutPanel.RotationAngle=0
ProjectManager.AskForMigrate=true
ProjectManager.BackupPrevious=false
ProjectManager.CompilerOptimize=6
ProjectManager.ComputerToolchain=false
ProjectManager.CoupleFile=true
ProjectManager.CustomerFirmwarePackage=
ProjectManager.DefaultFWLocation=true
ProjectManager.DeletePrevious=true
ProjectManager.DeviceId=STM32WB5MMGHx
ProjectManager.FirmwarePackage=STM32Cube FW_WB V1.17.0
ProjectManager.FreePins=false
ProjectManager.HalAssertFull=false
ProjectManager.HeapSize=0x200
ProjectManager.KeepUserCode=true
ProjectManager.LastFirmware=true
ProjectManager.LibraryCopy=1
ProjectManager.MainLocation=Core/Src
ProjectManager.NoMain=false
ProjectManager.PreviousToolchain=
ProjectManager.ProjectBuild=false
ProjectManager.ProjectFileName=Wine_temp3.ioc
ProjectManager.ProjectName=Wine_temp3
ProjectManager.ProjectStructure=
ProjectManager.RegisterCallBack=
ProjectManager.StackSize=0x400
ProjectManager.TargetToolchain=STM32CubeIDE
ProjectManager.ToolChainLocation=
ProjectManager.UAScriptAfterPath=
ProjectManager.UAScriptBeforePath=
ProjectManager.UnderRoot=true
ProjectManager.functionlistsort=1-SystemClock_Config-RCC-false-HAL-false,2-MX_GPIO_Init-GPIO-false-HAL-true,3-MX_MEMORYMAP_Init-MEMORYMAP-false-HAL-true,4-MX_ADC1_Init-ADC1-false-HAL-true,5-MX_I2C3_Init-I2C3-false-HAL-true,6-MX_IPCC_Init-IPCC-false-HAL-true,7-MX_LPUART1_UART_Init-LPUART1-false-HAL-true,8-MX_QUADSPI_Init-QUADSPI-false-HAL-true,9-MX_RTC_Init-RTC-false-HAL-true,10-APPE_Init-STM32_WPAN-false-HAL-false,0-MX_HSEM_Init-HSEM-false-HAL-true,0-MX_RF_Init-RF-false-HAL-true
QUADSPI.ClockPrescaler=1
QUADSPI.FifoThreshold=4
QUADSPI.FlashSize=20
QUADSPI.IPParameters=ClockPrescaler,FifoThreshold,FlashSize
RCC.ADCFreq_Value=48000000
RCC.AHB2CLKDivider=RCC_SYSCLK_DIV2
RCC.AHBFreq_Value=64000000
RCC.APB1Freq_Value=64000000
RCC.APB1TimFreq_Value=64000000
RCC.APB2Freq_Value=64000000
RCC.APB2TimFreq_Value=64000000
RCC.APB3Freq_Value=16000000
RCC.Cortex2Freq_Value=32000000
RCC.CortexFreq_Value=64000000
RCC.FCLK2Freq_Value=32000000
RCC.FCLKCortexFreq_Value=64000000
RCC.FamilyName=M
RCC.HCLK2Freq_Value=32000000
RCC.HCLK3Freq_Value=64000000
RCC.HCLKFreq_Value=64000000
RCC.HCLKRFFreq_Value=16000000
RCC.HSE_VALUE=32000000
RCC.HSI48_VALUE=48000000
RCC.HSI_VALUE=16000000
RCC.I2C1Freq_Value=64000000
RCC.I2C3Freq_Value=64000000
RCC.IPParameters=ADCFreq_Value,AHB2CLKDivider,AHBFreq_Value,APB1Freq_Value,APB1TimFreq_Value,APB2Freq_Value,APB2TimFreq_Value,APB3Freq_Value,Cortex2Freq_Value,CortexFreq_Value,FCLK2Freq_Value,FCLKCortexFreq_Value,FamilyName,HCLK2Freq_Value,HCLK3Freq_Value,HCLKFreq_Value,HCLKRFFreq_Value,HSE_VALUE,HSI48_VALUE,HSI_VALUE,I2C1Freq_Value,I2C3Freq_Value,LCDFreq_Value,LPTIM1Freq_Value,LPTIM2Freq_Value,LPUART1Freq_Value,LSCOPinFreq_Value,LSI_VALUE,MCO1PinFreq_Value,PLLM,PLLN,PLLPoutputFreq_Value,PLLQoutputFreq_Value,PLLRCLKFreq_Value,PLLSAI1N,PLLSAI1PoutputFreq_Value,PLLSAI1QoutputFreq_Value,PLLSAI1RoutputFreq_Value,PLLSourceVirtual,PWRFreq_Value,RFWKPClockSelection,RFWKPFreq_Value,RNGFreq_Value,RTCClockSelection,RTCFreq_Value,SAI1Freq_Value,SMPS1Freq_Value,SMPSFreq_Value,SYSCLKFreq_VALUE,SYSCLKSource,USART1Freq_Value,USBFreq_Value,VCOInputFreq_Value,VCOOutputFreq_Value,VCOSAI1OutputFreq_Value
RCC.LCDFreq_Value=32774
RCC.LPTIM1Freq_Value=64000000
RCC.LPTIM2Freq_Value=64000000
RCC.LPUART1Freq_Value=64000000
RCC.LSCOPinFreq_Value=32000
RCC.LSI_VALUE=32000
RCC.MCO1PinFreq_Value=64000000
RCC.PLLM=RCC_PLLM_DIV8
RCC.PLLN=32
RCC.PLLPoutputFreq_Value=64000000
RCC.PLLQoutputFreq_Value=64000000
RCC.PLLRCLKFreq_Value=64000000
RCC.PLLSAI1N=24
RCC.PLLSAI1PoutputFreq_Value=48000000
RCC.PLLSAI1QoutputFreq_Value=48000000
RCC.PLLSAI1RoutputFreq_Value=48000000
RCC.PLLSourceVirtual=RCC_PLLSOURCE_HSE
RCC.PWRFreq_Value=64000000
RCC.RFWKPClockSelection=RCC_RFWKPCLKSOURCE_LSE
RCC.RFWKPFreq_Value=32774
RCC.RNGFreq_Value=32000
RCC.RTCClockSelection=RCC_RTCCLKSOURCE_LSE
RCC.RTCFreq_Value=32774
RCC.SAI1Freq_Value=48000000
RCC.SMPS1Freq_Value=8000000
RCC.SMPSFreq_Value=4000000
RCC.SYSCLKFreq_VALUE=64000000
RCC.SYSCLKSource=RCC_SYSCLKSOURCE_PLLCLK
RCC.USART1Freq_Value=64000000
RCC.USBFreq_Value=48000000
RCC.VCOInputFreq_Value=4000000
RCC.VCOOutputFreq_Value=128000000
RCC.VCOSAI1OutputFreq_Value=96000000
SH.ADCx_IN10.0=ADC1_IN10
SH.ADCx_IN10.ConfNb=1
SH.ADCx_IN13.0=ADC1_IN13,IN13-Single-Ended
SH.ADCx_IN13.ConfNb=1
SH.ADCx_IN14.0=ADC1_IN14
SH.ADCx_IN14.ConfNb=1
SH.ADCx_IN2.0=ADC1_IN2
SH.ADCx_IN2.ConfNb=1
SH.ADCx_IN4.0=ADC1_IN4,IN4-Single-Ended
SH.ADCx_IN4.ConfNb=1
SH.ADCx_IN5.0=ADC1_IN5
SH.ADCx_IN5.ConfNb=1
SH.ADCx_IN7.0=ADC1_IN7
SH.ADCx_IN7.ConfNb=1
SH.GPXTI12.0=GPIO_EXTI12
SH.GPXTI12.ConfNb=1
SH.GPXTI2.0=GPIO_EXTI2
SH.GPXTI2.ConfNb=1
SH.GPXTI3.0=GPIO_EXTI3
SH.GPXTI3.ConfNb=1
SH.GPXTI6.0=GPIO_EXTI6
SH.GPXTI6.ConfNb=1
SH.GPXTI9.0=GPIO_EXTI9
SH.GPXTI9.ConfNb=1
SH.S_TIM16_CH1.0=TIM16_CH1
SH.S_TIM16_CH1.ConfNb=1
SH.S_TIM2_CH1.0=TIM2_CH1
SH.S_TIM2_CH1.ConfNb=1
SH.S_TIM2_CH3.0=TIM2_CH3
SH.S_TIM2_CH3.ConfNb=1
STM32_WPAN.AD_SERVICE_CLASS_UUID_1=18 0F
STM32_WPAN.AD_SERVICE_CLASS_UUID_1_INV=[0F, 18]
STM32_WPAN.AD_TYPE_MANUFACTURER_DATA_NBR=6
STM32_WPAN.BLE_DBG_APP_EN=1
STM32_WPAN.BLE_STACK=FULL
STM32_WPAN.CFG_ADV_BD_ADDRESS=0x00000000000000
STM32_WPAN.CFG_BLE_OPTIONS_DEVICE_NAME=SHCI_C2_BLE_INIT_OPTIONS_DEVICE_NAME_RO
STM32_WPAN.CFG_BONDING_MODE=1
STM32_WPAN.CFG_DEBUG_APP_TRACE=1
STM32_WPAN.CFG_DEBUG_BLE_TRACE=1
STM32_WPAN.CFG_DEBUG_TRACE_FULL=1
STM32_WPAN.CFG_DEBUG_TRACE_UART=hw_lpuart1
STM32_WPAN.CFG_GAP_DEVICE_NAME=WT_UV
STM32_WPAN.CFG_GAP_DEVICE_NAME_LENGTH=5
STM32_WPAN.CFG_HW_LPUART1_ENABLED=1
STM32_WPAN.CFG_IO_CAPABILITY=CFG_IO_CAPABILITY_DISPLAY_ONLY
STM32_WPAN.CFG_KEYPRESS_NOTIFICATION_SUPPORT=CFG_KEYPRESS_NOT_SUPPORTED
STM32_WPAN.CFG_PRIVACY=PRIVACY_DISABLED
STM32_WPAN.CFG_SC_SUPPORT=CFG_SECURE_OPTIONAL
STM32_WPAN.CFG_TX_POWER=(0x1F) /* 6dBm */
STM32_WPAN.CUSTOM_P2P_SERVER=Disabled
STM32_WPAN.CUSTOM_TEMPLATE=Enabled
STM32_WPAN.GAP_CENTRAL_ROLE=4
STM32_WPAN.GAP_PERIPHERAL_ROLE=1
STM32_WPAN.INCLUDE_AD_TYPE_16_BIT_SERV_UUID_CMPLT_LIST=1
STM32_WPAN.INCLUDE_AD_TYPE_ADVERTISING_INTERVAL=1
STM32_WPAN.INCLUDE_AD_TYPE_MANUFACTURER_SPECIFIC_DATA=1
STM32_WPAN.INCLUDE_AD_TYPE_SHORTENED_LOCAL_NAME=0
STM32_WPAN.INCLUDE_AD_TYPE_TX_POWER_LEVEL=1
STM32_WPAN.IPParameters=CUSTOM_P2P_SERVER,CUSTOM_TEMPLATE,NUMBER_OF_SERVICES,SERVICE1_LONG_NAME,SERVICE1_SHORT_NAME,SERVICE2_LONG_NAME,SERVICE2_SHORT_NAME,SERVICE1_UUID,SERVICE1_CHAR1_LONG_NAME,SERVICE1_CHAR1_SHORT_NAME,SERVICE1_CHAR1_UUID,SERVICE1_CHAR1_PROP_READ,SERVICE1_CHAR1_GATT_NOTIFY_ATTRIBUTE_WRITE,SERVICE1_CHAR1_GATT_NOTIFY_WRITE_REQ_AND_WAIT_FOR_APPL_RESP,SERVICE2_NUMBER_OF_CHARACTERISTICS,SERVICE2_UUID_128_INPUT_TYPE,SERVICE2_UUID,SERVICE2_CHAR1_LONG_NAME,SERVICE2_CHAR1_SHORT_NAME,SERVICE2_CHAR1_UUID_128_INPUT_TYPE,SERVICE2_CHAR1_UUID,SERVICE2_CHAR1_VALUE_LENGTH,SERVICE2_CHAR1_PROP_NOTIFY,SERVICE2_CHAR1_ATTR_PERMISSION_AUTHEN_READ,SERVICE2_CHAR1_GATT_NOTIFY_WRITE_REQ_AND_WAIT_FOR_APPL_RESP,SERVICE2_CHAR1_GATT_NOTIFY_ATTRIBUTE_WRITE,SERVICE2_CHAR2_LONG_NAME,SERVICE2_CHAR2_SHORT_NAME,SERVICE2_CHAR2_UUID_128_INPUT_TYPE,SERVICE2_CHAR2_UUID,SERVICE2_CHAR2_PROP_READ,SERVICE2_CHAR2_ATTR_PERMISSION_AUTHEN_READ,SERVICE2_CHAR2_GATT_NOTIFY_ATTRIBUTE_WRITE,SERVICE2_CHAR2_GATT_NOTIFY_WRITE_REQ_AND_WAIT_FOR_APPL_RESP,SERVICE2_CHAR3_LONG_NAME,SERVICE2_CHAR3_SHORT_NAME,SERVICE2_CHAR3_UUID_128_INPUT_TYPE,SERVICE2_CHAR3_UUID,SERVICE2_CHAR3_VALUE_LENGTH,SERVICE2_CHAR3_PROP_WRITE_WITHOUT_RESP,SERVICE2_CHAR3_ATTR_PERMISSION_AUTHEN_WRITE,SERVICE2_CHAR3_GATT_NOTIFY_WRITE_REQ_AND_WAIT_FOR_APPL_RESP,SERVICE2_CHAR3_GATT_NOTIFY_READ_REQ_AND_WAIT_FOR_APPL_RESP,SERVICE2_CHAR4_LONG_NAME,SERVICE2_CHAR4_SHORT_NAME,SERVICE2_CHAR4_UUID_128_INPUT_TYPE,SERVICE2_CHAR4_UUID,SERVICE2_CHAR4_PROP_NOTIFY,SERVICE2_CHAR4_ATTR_PERMISSION_AUTHEN_READ,SERVICE2_CHAR4_GATT_NOTIFY_ATTRIBUTE_WRITE,SERVICE2_CHAR4_GATT_NOTIFY_WRITE_REQ_AND_WAIT_FOR_APPL_RESP,CFG_PRIVACY,GAP_PERIPHERAL_ROLE,GAP_CENTRAL_ROLE,CFG_GAP_DEVICE_NAME,CFG_GAP_DEVICE_NAME_LENGTH,INCLUDE_AD_TYPE_TX_POWER_LEVEL,INCLUDE_AD_TYPE_SHORTENED_LOCAL_NAME,INCLUDE_AD_TYPE_ADVERTISING_INTERVAL,INCLUDE_AD_TYPE_16_BIT_SERV_UUID_CMPLT_LIST,AD_SERVICE_CLASS_UUID_1,AD_SERVICE_CLASS_UUID_1_INV,INCLUDE_AD_TYPE_MANUFACTURER_SPECIFIC_DATA,AD_TYPE_MANUFACTURER_DATA_NBR,PAIRING_PARAMETERS,CFG_BONDING_MODE,CFG_SC_SUPPORT,CFG_HW_LPUART1_ENABLED,CFG_TX_POWER,CFG_DEBUG_TRACE_UART,CFG_IO_CAPABILITY,CFG_BLE_OPTIONS_DEVICE_NAME,BLE_DBG_APP_EN,BLE_STACK,SERVICE2_CHAR5_LONG_NAME,SERVICE2_CHAR5_SHORT_NAME,SERVICE2_CHAR5_UUID_128_INPUT_TYPE,SERVICE2_CHAR5_UUID,SERVICE2_CHAR5_PROP_NOTIFY,SERVICE2_CHAR5_ATTR_PERMISSION_AUTHEN_READ,SERVICE2_CHAR5_GATT_NOTIFY_ATTRIBUTE_WRITE,SERVICE2_CHAR5_GATT_NOTIFY_WRITE_REQ_AND_WAIT_FOR_APPL_RESP,SERVICE3_LONG_NAME,SERVICE3_SHORT_NAME,SERVICE4_LONG_NAME,SERVICE4_SHORT_NAME,SERVICE3_UUID_TYPE,SERVICE3_UUID,SERVICE3_NUMBER_OF_CHARACTERISTICS,SERVICE3_CHAR1_LONG_NAME,SERVICE3_CHAR1_SHORT_NAME,SERVICE3_CHAR1_UUID_TYPE,SERVICE3_CHAR1_UUID,SERVICE3_CHAR1_VALUE_LENGTH,SERVICE3_CHAR1_PROP_NOTIFY,SERVICE3_CHAR1_ATTR_PERMISSION_AUTHEN_READ,SERVICE3_CHAR1_GATT_NOTIFY_WRITE_REQ_AND_WAIT_FOR_APPL_RESP,SERVICE3_CHAR1_GATT_NOTIFY_ATTRIBUTE_WRITE,SERVICE3_CHAR2_LONG_NAME,SERVICE3_CHAR2_SHORT_NAME,SERVICE3_CHAR2_UUID_TYPE,SERVICE3_CHAR2_UUID,SERVICE3_CHAR2_LENGTH_CHARACTERISTIC,SERVICE3_CHAR2_PROP_NOTIFY,SERVICE3_CHAR2_ATTR_PERMISSION_AUTHEN_READ,SERVICE3_CHAR2_GATT_NOTIFY_ATTRIBUTE_WRITE,SERVICE3_CHAR2_GATT_NOTIFY_WRITE_REQ_AND_WAIT_FOR_APPL_RESP,SERVICE4_NUMBER_OF_CHARACTERISTICS,SERVICE4_UUID_TYPE,SERVICE4_UUID,SERVICE4_CHAR1_LONG_NAME,SERVICE4_CHAR1_SHORT_NAME,SERVICE4_CHAR1_UUID_TYPE,SERVICE4_CHAR1_UUID,SERVICE4_CHAR1_VALUE_LENGTH,SERVICE4_CHAR1_PROP_READ,SERVICE4_CHAR1_ATTR_PERMISSION_AUTHEN_READ,SERVICE4_CHAR1_GATT_NOTIFY_READ_REQ_AND_WAIT_FOR_APPL_RESP,SERVICE4_CHAR1_GATT_NOTIFY_ATTRIBUTE_WRITE,SERVICE4_CHAR1_GATT_NOTIFY_WRITE_REQ_AND_WAIT_FOR_APPL_RESP,SERVICE4_CHAR2_LONG_NAME,SERVICE4_CHAR2_SHORT_NAME,SERVICE4_CHAR2_UUID_TYPE,SERVICE4_CHAR2_UUID,SERVICE4_CHAR2_PROP_NOTIFY,SERVICE4_CHAR2_ATTR_PERMISSION_AUTHEN_READ,SERVICE4_CHAR2_GATT_NOTIFY_WRITE_REQ_AND_WAIT_FOR_APPL_RESP,SERVICE4_CHAR2_GATT_NOTIFY_ATTRIBUTE_WRITE,SERVICE4_CHAR3_LONG_NAME,SERVICE4_CHAR3_SHORT_NAME,SERVICE4_CHAR3_UUID_TYPE,SERVICE4_CHAR3_UUID,SERVICE4_CHAR3_PROP_NOTIFY,SERVICE4_CHAR3_ATTR_PERMISSION_AUTHEN_READ,SERVICE4_CHAR4_LONG_NAME,SERVICE4_CHAR4_SHORT_NAME,SERVICE4_CHAR4_UUID_TYPE,SERVICE4_CHAR4_UUID,SERVICE4_CHAR4_PROP_READ,SERVICE4_CHAR4_ATTR_PERMISSION_AUTHEN_READ,SERVICE4_CHAR4_GATT_NOTIFY_ATTRIBUTE_WRITE,SERVICE4_CHAR4_GATT_NOTIFY_WRITE_REQ_AND_WAIT_FOR_APPL_RESP,SERVICE4_CHAR4_ATTR_PERMISSION_AUTHEN_WRITE,SERVICE4_CHAR4_PROP_WRITE_WITHOUT_RESP,CFG_KEYPRESS_NOTIFICATION_SUPPORT,CFG_DEBUG_BLE_TRACE,CFG_DEBUG_APP_TRACE,CFG_DEBUG_TRACE_FULL,CFG_ADV_BD_ADDRESS
STM32_WPAN.NUMBER_OF_SERVICES=4
STM32_WPAN.PAIRING_PARAMETERS=ON
STM32_WPAN.SERVICE1_CHAR1_GATT_NOTIFY_ATTRIBUTE_WRITE=\ 
STM32_WPAN.SERVICE1_CHAR1_GATT_NOTIFY_WRITE_REQ_AND_WAIT_FOR_APPL_RESP=\ 
STM32_WPAN.SERVICE1_CHAR1_LONG_NAME=level
STM32_WPAN.SERVICE1_CHAR1_PROP_READ=CHAR_PROP_READ
STM32_WPAN.SERVICE1_CHAR1_SHORT_NAME=level
STM32_WPAN.SERVICE1_CHAR1_UUID=2A 19
STM32_WPAN.SERVICE1_LONG_NAME=Battery_Service
STM32_WPAN.SERVICE1_SHORT_NAME=Bat_ser
STM32_WPAN.SERVICE1_UUID=18 0F
STM32_WPAN.SERVICE2_CHAR1_ATTR_PERMISSION_AUTHEN_READ=ATTR_PERMISSION_AUTHEN_READ
STM32_WPAN.SERVICE2_CHAR1_GATT_NOTIFY_ATTRIBUTE_WRITE=\ 
STM32_WPAN.SERVICE2_CHAR1_GATT_NOTIFY_WRITE_REQ_AND_WAIT_FOR_APPL_RESP=\ 
STM32_WPAN.SERVICE2_CHAR1_LONG_NAME=IR_temperature
STM32_WPAN.SERVICE2_CHAR1_PROP_NOTIFY=CHAR_PROP_NOTIFY
STM32_WPAN.SERVICE2_CHAR1_SHORT_NAME=IR_T
STM32_WPAN.SERVICE2_CHAR1_UUID=3A 0A C3 22 21 9B 45 60 8F D8 7C F4 48 DA D5 53
STM32_WPAN.SERVICE2_CHAR1_UUID_128_INPUT_TYPE=1
STM32_WPAN.SERVICE2_CHAR1_VALUE_LENGTH=4
STM32_WPAN.SERVICE2_CHAR2_ATTR_PERMISSION_AUTHEN_READ=ATTR_PERMISSION_AUTHEN_READ
STM32_WPAN.SERVICE2_CHAR2_GATT_NOTIFY_ATTRIBUTE_WRITE=\ 
STM32_WPAN.SERVICE2_CHAR2_GATT_NOTIFY_WRITE_REQ_AND_WAIT_FOR_APPL_RESP=\ 
STM32_WPAN.SERVICE2_CHAR2_LONG_NAME=Analog_Temperature
STM32_WPAN.SERVICE2_CHAR2_PROP_READ=CHAR_PROP_READ
STM32_WPAN.SERVICE2_CHAR2_SHORT_NAME=A_T
STM32_WPAN.SERVICE2_CHAR2_UUID=5A BA 8C E2 6A 73 4B 04 8C 03 82 7A 9A 3A 46 D0
STM32_WPAN.SERVICE2_CHAR2_UUID_128_INPUT_TYPE=1
STM32_WPAN.SERVICE2_CHAR3_ATTR_PERMISSION_AUTHEN_WRITE=ATTR_PERMISSION_AUTHEN_WRITE
STM32_WPAN.SERVICE2_CHAR3_GATT_NOTIFY_READ_REQ_AND_WAIT_FOR_APPL_RESP=\ 
STM32_WPAN.SERVICE2_CHAR3_GATT_NOTIFY_WRITE_REQ_AND_WAIT_FOR_APPL_RESP=\ 
STM32_WPAN.SERVICE2_CHAR3_LONG_NAME=Set_Temp
STM32_WPAN.SERVICE2_CHAR3_PROP_WRITE_WITHOUT_RESP=CHAR_PROP_WRITE_WITHOUT_RESP
STM32_WPAN.SERVICE2_CHAR3_SHORT_NAME=S_T
STM32_WPAN.SERVICE2_CHAR3_UUID=0A 24 4B C1 07 45 43 B8 A9 DF B4 08 C4 A8 DF 8C
STM32_WPAN.SERVICE2_CHAR3_UUID_128_INPUT_TYPE=1
STM32_WPAN.SERVICE2_CHAR3_VALUE_LENGTH=4
STM32_WPAN.SERVICE2_CHAR4_ATTR_PERMISSION_AUTHEN_READ=ATTR_PERMISSION_AUTHEN_READ
STM32_WPAN.SERVICE2_CHAR4_GATT_NOTIFY_ATTRIBUTE_WRITE=\ 
STM32_WPAN.SERVICE2_CHAR4_GATT_NOTIFY_WRITE_REQ_AND_WAIT_FOR_APPL_RESP=\ 
STM32_WPAN.SERVICE2_CHAR4_LONG_NAME=Log_Temp
STM32_WPAN.SERVICE2_CHAR4_PROP_NOTIFY=CHAR_PROP_NOTIFY
STM32_WPAN.SERVICE2_CHAR4_SHORT_NAME=L_T
STM32_WPAN.SERVICE2_CHAR4_UUID=D5 72 E7 C1 6A 16 44 A4 8B 1D 8B 05 43 D4 BF 63
STM32_WPAN.SERVICE2_CHAR4_UUID_128_INPUT_TYPE=1
STM32_WPAN.SERVICE2_CHAR5_ATTR_PERMISSION_AUTHEN_READ=ATTR_PERMISSION_AUTHEN_READ
STM32_WPAN.SERVICE2_CHAR5_GATT_NOTIFY_ATTRIBUTE_WRITE=\ 
STM32_WPAN.SERVICE2_CHAR5_GATT_NOTIFY_WRITE_REQ_AND_WAIT_FOR_APPL_RESP=\ 
STM32_WPAN.SERVICE2_CHAR5_LONG_NAME=Range_Notification
STM32_WPAN.SERVICE2_CHAR5_PROP_NOTIFY=CHAR_PROP_NOTIFY
STM32_WPAN.SERVICE2_CHAR5_SHORT_NAME=R_N
STM32_WPAN.SERVICE2_CHAR5_UUID=5A 1A 48 07 D9 6C 4F 13 B9 45 5A B1 FA 5B 4D B3
STM32_WPAN.SERVICE2_CHAR5_UUID_128_INPUT_TYPE=1
STM32_WPAN.SERVICE2_LONG_NAME=Temperature
STM32_WPAN.SERVICE2_NUMBER_OF_CHARACTERISTICS=5
STM32_WPAN.SERVICE2_SHORT_NAME=temp
STM32_WPAN.SERVICE2_UUID=61 C8 32 12 93 A2 44 57 A0 D1 30 8B 99 B4 92 3D
STM32_WPAN.SERVICE2_UUID_128_INPUT_TYPE=1
STM32_WPAN.SERVICE3_CHAR1_ATTR_PERMISSION_AUTHEN_READ=ATTR_PERMISSION_AUTHEN_READ
STM32_WPAN.SERVICE3_CHAR1_GATT_NOTIFY_ATTRIBUTE_WRITE=\ 
STM32_WPAN.SERVICE3_CHAR1_GATT_NOTIFY_WRITE_REQ_AND_WAIT_FOR_APPL_RESP=\ 
STM32_WPAN.SERVICE3_CHAR1_LONG_NAME=UV_Value
STM32_WPAN.SERVICE3_CHAR1_PROP_NOTIFY=CHAR_PROP_NOTIFY
STM32_WPAN.SERVICE3_CHAR1_SHORT_NAME=UV_V
STM32_WPAN.SERVICE3_CHAR1_UUID=5E 30
STM32_WPAN.SERVICE3_CHAR1_UUID_TYPE=0x01
STM32_WPAN.SERVICE3_CHAR1_VALUE_LENGTH=3
STM32_WPAN.SERVICE3_CHAR2_ATTR_PERMISSION_AUTHEN_READ=ATTR_PERMISSION_AUTHEN_READ
STM32_WPAN.SERVICE3_CHAR2_GATT_NOTIFY_ATTRIBUTE_WRITE=\ 
STM32_WPAN.SERVICE3_CHAR2_GATT_NOTIFY_WRITE_REQ_AND_WAIT_FOR_APPL_RESP=\ 
STM32_WPAN.SERVICE3_CHAR2_LENGTH_CHARACTERISTIC=CHAR_VALUE_LEN_VARIABLE
STM32_WPAN.SERVICE3_CHAR2_LONG_NAME=UV_Log
STM32_WPAN.SERVICE3_CHAR2_PROP_NOTIFY=CHAR_PROP_NOTIFY
STM32_WPAN.SERVICE3_CHAR2_SHORT_NAME=UV_L
STM32_WPAN.SERVICE3_CHAR2_UUID=5F 84
STM32_WPAN.SERVICE3_CHAR2_UUID_TYPE=0x01
STM32_WPAN.SERVICE3_LONG_NAME=UV_Sensor
STM32_WPAN.SERVICE3_NUMBER_OF_CHARACTERISTICS=2
STM32_WPAN.SERVICE3_SHORT_NAME=UV_S
STM32_WPAN.SERVICE3_UUID=5B 56
STM32_WPAN.SERVICE3_UUID_TYPE=0x01
STM32_WPAN.SERVICE4_CHAR1_ATTR_PERMISSION_AUTHEN_READ=ATTR_PERMISSION_AUTHEN_READ
STM32_WPAN.SERVICE4_CHAR1_GATT_NOTIFY_ATTRIBUTE_WRITE=\ 
STM32_WPAN.SERVICE4_CHAR1_GATT_NOTIFY_READ_REQ_AND_WAIT_FOR_APPL_RESP=GATT_NOTIFY_READ_REQ_AND_WAIT_FOR_APPL_RESP
STM32_WPAN.SERVICE4_CHAR1_GATT_NOTIFY_WRITE_REQ_AND_WAIT_FOR_APPL_RESP=\ 
STM32_WPAN.SERVICE4_CHAR1_LONG_NAME=Acclerometer
STM32_WPAN.SERVICE4_CHAR1_PROP_READ=CHAR_PROP_READ
STM32_WPAN.SERVICE4_CHAR1_SHORT_NAME=Aclx
STM32_WPAN.SERVICE4_CHAR1_UUID=64 2A
STM32_WPAN.SERVICE4_CHAR1_UUID_TYPE=0x01
STM32_WPAN.SERVICE4_CHAR1_VALUE_LENGTH=6
STM32_WPAN.SERVICE4_CHAR2_ATTR_PERMISSION_AUTHEN_READ=ATTR_PERMISSION_AUTHEN_READ
STM32_WPAN.SERVICE4_CHAR2_GATT_NOTIFY_ATTRIBUTE_WRITE=\ 
STM32_WPAN.SERVICE4_CHAR2_GATT_NOTIFY_WRITE_REQ_AND_WAIT_FOR_APPL_RESP=\ 
STM32_WPAN.SERVICE4_CHAR2_LONG_NAME=EOC
STM32_WPAN.SERVICE4_CHAR2_PROP_NOTIFY=CHAR_PROP_NOTIFY
STM32_WPAN.SERVICE4_CHAR2_SHORT_NAME=EC
STM32_WPAN.SERVICE4_CHAR2_UUID=65 56
STM32_WPAN.SERVICE4_CHAR2_UUID_TYPE=0x01
STM32_WPAN.SERVICE4_CHAR3_ATTR_PERMISSION_AUTHEN_READ=ATTR_PERMISSION_AUTHEN_READ
STM32_WPAN.SERVICE4_CHAR3_LONG_NAME=PWR
STM32_WPAN.SERVICE4_CHAR3_PROP_NOTIFY=CHAR_PROP_NOTIFY
STM32_WPAN.SERVICE4_CHAR3_SHORT_NAME=PR
STM32_WPAN.SERVICE4_CHAR3_UUID=66 82
STM32_WPAN.SERVICE4_CHAR3_UUID_TYPE=0x01
STM32_WPAN.SERVICE4_CHAR4_ATTR_PERMISSION_AUTHEN_READ=ATTR_PERMISSION_AUTHEN_READ
STM32_WPAN.SERVICE4_CHAR4_ATTR_PERMISSION_AUTHEN_WRITE=ATTR_PERMISSION_AUTHEN_WRITE
STM32_WPAN.SERVICE4_CHAR4_GATT_NOTIFY_ATTRIBUTE_WRITE=GATT_NOTIFY_ATTRIBUTE_WRITE
STM32_WPAN.SERVICE4_CHAR4_GATT_NOTIFY_WRITE_REQ_AND_WAIT_FOR_APPL_RESP=\ 
STM32_WPAN.SERVICE4_CHAR4_LONG_NAME=Time
STM32_WPAN.SERVICE4_CHAR4_PROP_READ=CHAR_PROP_READ
STM32_WPAN.SERVICE4_CHAR4_PROP_WRITE_WITHOUT_RESP=CHAR_PROP_WRITE_WITHOUT_RESP
STM32_WPAN.SERVICE4_CHAR4_SHORT_NAME=TD
STM32_WPAN.SERVICE4_CHAR4_UUID=67 86
STM32_WPAN.SERVICE4_CHAR4_UUID_TYPE=0x01
STM32_WPAN.SERVICE4_LONG_NAME=Utility
STM32_WPAN.SERVICE4_NUMBER_OF_CHARACTERISTICS=4
STM32_WPAN.SERVICE4_SHORT_NAME=UT
STM32_WPAN.SERVICE4_UUID=60 BA
STM32_WPAN.SERVICE4_UUID_TYPE=0x01
VP_HSEM_VS_HSEM.Mode=HSEM_Activate
VP_HSEM_VS_HSEM.Signal=HSEM_VS_HSEM
VP_IPCC_VS_IPCC.Mode=IPCC_Activate
VP_IPCC_VS_IPCC.Signal=IPCC_VS_IPCC
VP_MEMORYMAP_VS_MEMORYMAP.Mode=CurAppReg
VP_MEMORYMAP_VS_MEMORYMAP.Signal=MEMORYMAP_VS_MEMORYMAP
VP_RCC_V_OSC32_IN.Mode=LSE-External-Clock-Source
VP_RCC_V_OSC32_IN.Signal=RCC_V_OSC32_IN
VP_RCC_V_OSC_IN.Mode=HSE-External-Clock-Source
VP_RCC_V_OSC_IN.Signal=RCC_V_OSC_IN
VP_RF_VS_RF.Mode=RF_Activate
VP_RF_VS_RF.Signal=RF_VS_RF
VP_RTC_VS_RTC_Activate.Mode=RTC_Enabled
VP_RTC_VS_RTC_Activate.Signal=RTC_VS_RTC_Activate
VP_RTC_VS_RTC_WakeUp_intern.Mode=WakeUp
VP_RTC_VS_RTC_WakeUp_intern.Signal=RTC_VS_RTC_WakeUp_intern
VP_SEQUENCER_VS_SEQUENCER.Mode=SEQUENCER_Enabled
VP_SEQUENCER_VS_SEQUENCER.Signal=SEQUENCER_VS_SEQUENCER
VP_STM32_WPAN_VS_BLE_HOST.Mode=STM32_WPAN_Enabled
VP_STM32_WPAN_VS_BLE_HOST.Signal=STM32_WPAN_VS_BLE_HOST
VP_SYS_VS_Systick.Mode=SysTick
VP_SYS_VS_Systick.Signal=SYS_VS_Systick
VP_TINY_LPM_VS_TINY_LPM.Mode=TINY_LPM_Enabled
VP_TINY_LPM_VS_TINY_LPM.Signal=TINY_LPM_VS_TINY_LPM
board=STM32WB5MM-DK
boardIOC=true
isbadioc=false
