#MicroXplorer Configuration settings - do not modify
ADC1.Channel-0\#ChannelRegularConversion=ADC_CHANNEL_4
ADC1.ClockPrescaler=ADC_CLOCK_SYNC_PCLK_DIV4
ADC1.CommonPathInternal=ADC_CHANNEL_VREFINT|null|null|null
ADC1.ContinuousConvMode=DISABLE
ADC1.IPParameters=NbrOfConversionFlag,Channel-0\#ChannelRegularConversion,ContinuousConvMode,master,ClockPrescaler,SamplingTime-0\#ChannelRegularConversion,NbrOfConversion,CommonPathInternal
ADC1.NbrOfConversion=1
ADC1.NbrOfConversionFlag=1
ADC1.SamplingTime-0\#ChannelRegularConversion=ADC_SAMPLETIME_92CYCLES_5
ADC1.master=1
CAD.formats=[]
CAD.pinconfig=Dual
CAD.provider=
Dma.ADC1.0.Direction=DMA_PERIPH_TO_MEMORY
Dma.ADC1.0.EventEnable=DISABLE
Dma.ADC1.0.Instance=DMA1_Channel1
Dma.ADC1.0.MemDataAlignment=DMA_MDATAALIGN_HALFWORD
Dma.ADC1.0.MemInc=DMA_MINC_ENABLE
Dma.ADC1.0.Mode=DMA_CIRCULAR
Dma.ADC1.0.PeriphDataAlignment=DMA_PDATAALIGN_HALFWORD
Dma.ADC1.0.PeriphInc=DMA_PINC_DISABLE
Dma.ADC1.0.Polarity=HAL_DMAMUX_REQ_GEN_RISING
Dma.ADC1.0.Priority=DMA_PRIORITY_HIGH
Dma.ADC1.0.RequestNumber=1
Dma.ADC1.0.RequestParameters=Instance,Direction,PeriphInc,MemInc,PeriphDataAlignment,MemDataAlignment,Mode,Priority,SignalID,Polarity,RequestNumber,SyncSignalID,SyncPolarity,SyncEnable,EventEnable,SyncRequestNumber
Dma.ADC1.0.SignalID=NONE
Dma.ADC1.0.SyncEnable=DISABLE
Dma.ADC1.0.SyncPolarity=HAL_DMAMUX_SYNC_NO_EVENT
Dma.ADC1.0.SyncRequestNumber=1
Dma.ADC1.0.SyncSignalID=NONE
Dma.Request0=ADC1
Dma.RequestsNb=1
File.Version=6
GPIO.groupedBy=Group By Peripherals
I2C3.IPParameters=Timing
I2C3.Timing=0x00707CBB
KeepUserPlacement=false
LPUART1.BaudRate=9600
LPUART1.IPParameters=BaudRate
MMTAppReg1.MEMORYMAP.AppRegionName=RAM
MMTAppReg1.MEMORYMAP.ContextName=Cortex-M4NS
MMTAppReg1.MEMORYMAP.CoreName=ARM Cortex-M4
MMTAppReg1.MEMORYMAP.DefaultDataRegion=true
MMTAppReg1.MEMORYMAP.IPParameters=StartAddress,Size,CoreName,DefaultDataRegion,ContextName,Name
MMTAppReg1.MEMORYMAP.Name=RAM
MMTAppReg1.MEMORYMAP.Size=195584
MMTAppReg1.MEMORYMAP.StartAddress=0x20000008
MMTAppReg2.MEMORYMAP.AppRegionName=FLASH
MMTAppReg2.MEMORYMAP.ContextName=Cortex-M4NS
MMTAppReg2.MEMORYMAP.CoreName=ARM Cortex-M4
MMTAppReg2.MEMORYMAP.DefaultCodeRegion=true
MMTAppReg2.MEMORYMAP.DefaultDataRegion=false
MMTAppReg2.MEMORYMAP.IPParameters=StartAddress,Size,CoreName,DefaultDataRegion,MemType,ContextName,Name,DefaultCodeRegion
MMTAppReg2.MEMORYMAP.MemType=ROM
MMTAppReg2.MEMORYMAP.Name=FLASH
MMTAppReg2.MEMORYMAP.Size=523264
MMTAppReg2.MEMORYMAP.StartAddress=0x08000000
MMTAppReg3.MEMORYMAP.AppRegionName=RAM_SHARED
MMTAppReg3.MEMORYMAP.ContextName=Cortex-M4NS
MMTAppReg3.MEMORYMAP.CoreName=ARM Cortex-M4
MMTAppReg3.MEMORYMAP.DefaultDataRegion=true
MMTAppReg3.MEMORYMAP.IPParameters=StartAddress,Size,CoreName,DefaultDataRegion,ContextName,Name
MMTAppReg3.MEMORYMAP.Name=RAM_SHARED
MMTAppReg3.MEMORYMAP.Size=9216
MMTAppReg3.MEMORYMAP.StartAddress=0x20030000
MMTAppReg4.MEMORYMAP.AppRegionName=RAM_SHARED Reserved Alias Region
MMTAppReg4.MEMORYMAP.CoreName=ARM Cortex-M4
MMTAppReg4.MEMORYMAP.DefaultDataRegion=false
MMTAppReg4.MEMORYMAP.IPParameters=StartAddress,Size,CoreName,DefaultDataRegion,ReservedRegion,Name
MMTAppReg4.MEMORYMAP.Name=RAM_SHARED Reserved Alias Region
MMTAppReg4.MEMORYMAP.ReservedRegion=true
MMTAppReg4.MEMORYMAP.Size=9216
MMTAppReg4.MEMORYMAP.StartAddress=0x10000000
MMTAppRegionsCount=4
MMTConfigApplied=false
Mcu.CPN=STM32WB5MMGH6TR
Mcu.Family=STM32WB
Mcu.IP0=ADC1
Mcu.IP1=DMA
Mcu.IP10=RF
Mcu.IP11=RTC
Mcu.IP12=SEQUENCER
Mcu.IP13=STM32_WPAN
Mcu.IP14=SYS
Mcu.IP15=TINY_LPM
Mcu.IP2=HSEM
Mcu.IP3=I2C3
Mcu.IP4=IPCC
Mcu.IP5=LPUART1
Mcu.IP6=MEMORYMAP
Mcu.IP7=NVIC
Mcu.IP8=QUADSPI
Mcu.IP9=RCC
Mcu.IPNb=16
Mcu.Name=STM32WB5MMGHx
Mcu.Package=LGA86
Mcu.Pin0=PC3
Mcu.Pin1=PB9
Mcu.Pin10=PB0
Mcu.Pin11=PA3
Mcu.Pin12=PD14
Mcu.Pin13=PD13
Mcu.Pin14=PD12
Mcu.Pin15=PD7
Mcu.Pin16=PD3
Mcu.Pin17=PD15
Mcu.Pin18=PD5
Mcu.Pin19=PD6
Mcu.Pin2=PC0
Mcu.Pin20=VP_ADC1_Vref_Input
Mcu.Pin21=VP_HSEM_VS_HSEM
Mcu.Pin22=VP_IPCC_VS_IPCC
Mcu.Pin23=VP_RCC_V_OSC_IN
Mcu.Pin24=VP_RCC_V_OSC32_IN
Mcu.Pin25=VP_RF_VS_RF
Mcu.Pin26=VP_RTC_VS_RTC_Activate
Mcu.Pin27=VP_RTC_VS_RTC_Calendar
Mcu.Pin28=VP_RTC_VS_RTC_WakeUp_intern
Mcu.Pin29=VP_SEQUENCER_VS_SEQUENCER
Mcu.Pin3=PB5
Mcu.Pin30=VP_STM32_WPAN_VS_BLE_HOST
Mcu.Pin31=VP_SYS_VS_Systick
Mcu.Pin32=VP_TINY_LPM_VS_TINY_LPM
Mcu.Pin33=VP_MEMORYMAP_VS_MEMORYMAP
Mcu.Pin4=PC12
Mcu.Pin5=PA11
Mcu.Pin6=PB13
Mcu.Pin7=PC6
Mcu.Pin8=PB14
Mcu.Pin9=PC13
Mcu.PinsNb=34
Mcu.ThirdPartyNb=0
Mcu.UserConstants=
Mcu.UserName=STM32WB5MMGHx
MxCube.Version=6.10.0
MxDb.Version=DB.6.0.100
NVIC.BusFault_IRQn=true\:0\:0\:false\:false\:true\:false\:false\:false
NVIC.DMA1_Channel1_IRQn=true\:0\:0\:false\:false\:true\:false\:true\:true
NVIC.DebugMonitor_IRQn=true\:0\:0\:false\:false\:true\:false\:false\:false
NVIC.EXTI0_IRQn=true\:0\:0\:false\:false\:true\:true\:true\:true
NVIC.EXTI15_10_IRQn=true\:0\:0\:false\:false\:true\:true\:true\:true
NVIC.EXTI9_5_IRQn=true\:0\:0\:false\:false\:true\:true\:true\:true
NVIC.ForceEnableDMAVector=true
NVIC.HSEM_IRQn=true\:0\:0\:false\:false\:true\:false\:true\:true
NVIC.HardFault_IRQn=true\:0\:0\:false\:false\:true\:false\:false\:false
NVIC.IPCC_C1_RX_IRQn=true\:0\:0\:false\:false\:true\:true\:true\:true
NVIC.IPCC_C1_TX_IRQn=true\:0\:0\:false\:false\:true\:true\:true\:true
NVIC.MemoryManagement_IRQn=true\:0\:0\:false\:false\:true\:false\:false\:false
NVIC.NonMaskableInt_IRQn=true\:0\:0\:false\:false\:true\:false\:false\:false
NVIC.PendSV_IRQn=true\:0\:0\:false\:false\:true\:false\:false\:false
NVIC.PriorityGroup=NVIC_PRIORITYGROUP_4
NVIC.QUADSPI_IRQn=true\:0\:0\:false\:false\:true\:true\:true\:true
NVIC.RTC_WKUP_IRQn=true\:0\:0\:false\:false\:true\:true\:true\:true
NVIC.SVCall_IRQn=true\:0\:0\:false\:false\:true\:false\:false\:false
NVIC.SysTick_IRQn=true\:0\:0\:false\:false\:true\:false\:true\:false
NVIC.TAMP_STAMP_LSECSS_IRQn=true\:0\:0\:false\:false\:true\:true\:true\:true
NVIC.UsageFault_IRQn=true\:0\:0\:false\:false\:true\:false\:false\:false
PA11.GPIOParameters=GPIO_Speed,PinState,GPIO_PuPd,GPIO_Label,GPIO_ModeDefaultOutputPP
PA11.GPIO_Label=TS
PA11.GPIO_ModeDefaultOutputPP=GPIO_MODE_OUTPUT_OD
PA11.GPIO_PuPd=GPIO_NOPULL
PA11.GPIO_Speed=GPIO_SPEED_FREQ_VERY_HIGH
PA11.Locked=true
PA11.PinState=GPIO_PIN_SET
PA11.Signal=GPIO_Output
PA3.Locked=true
PA3.Mode=Single Bank 1
PA3.Signal=QUADSPI_CLK
PB0.GPIOParameters=GPIO_PuPd,GPIO_Label
PB0.GPIO_Label=Lightining_intr
PB0.GPIO_PuPd=GPIO_PULLDOWN
PB0.Locked=true
PB0.Signal=GPXTI0
PB13.Locked=true
PB13.Mode=I2C
PB13.Signal=I2C3_SCL
PB14.Locked=true
PB14.Mode=I2C
PB14.Signal=I2C3_SDA
PB5.Locked=true
PB5.Mode=Asynchronous
PB5.Signal=LPUART1_TX
PB9.Mode=Single Bank 1
PB9.Signal=QUADSPI_BK1_IO0
PC0.Mode=Asynchronous
PC0.Signal=LPUART1_RX
PC12.GPIOParameters=GPIO_PuPd,GPIO_Label,GPIO_ModeDefaultEXTI
PC12.GPIO_Label=PWR_GD
PC12.GPIO_ModeDefaultEXTI=GPIO_MODE_IT_RISING_FALLING
PC12.GPIO_PuPd=GPIO_NOPULL
PC12.Locked=true
PC12.Signal=GPXTI12
PC13.Mode=Timestamp enabled - Input Enabled to TS
PC13.Signal=RTC_TS
PC3.Locked=true
PC3.Signal=ADCx_IN4
PC6.GPIOParameters=GPIO_Label,GPIO_ModeDefaultEXTI
PC6.GPIO_Label=EOC
PC6.GPIO_ModeDefaultEXTI=GPIO_MODE_IT_RISING_FALLING
PC6.Locked=true
PC6.Signal=GPXTI6
PCC.Ble.ConnectionInterval=1000.0
PCC.Ble.DataLength=6
PCC.Ble.IsUsed=false
PCC.Ble.Mode=NOT_SELECTED
PCC.Ble.PowerLevel=Min
PCC.Zigbee.IsUsed=false
PCC.Zigbee.Mode=Sleepy End Device
PCC.Zigbee.Payload=15
PCC.Zigbee.PoolPeriodicity=480.0
PCC.Zigbee.PowerLevel=Min
PCC.Zigbee.RequestPeriodicity=1500.0
PD12.GPIOParameters=GPIO_Speed,PinState,GPIO_Label
PD12.GPIO_Label=WHT
PD12.GPIO_Speed=GPIO_SPEED_FREQ_VERY_HIGH
PD12.Locked=true
PD12.PinState=GPIO_PIN_RESET
PD12.Signal=GPIO_Output
PD13.GPIOParameters=GPIO_Speed,PinState,GPIO_Label
PD13.GPIO_Label=YEL
PD13.GPIO_Speed=GPIO_SPEED_FREQ_VERY_HIGH
PD13.Locked=true
PD13.PinState=GPIO_PIN_SET
PD13.Signal=GPIO_Output
PD14.GPIOParameters=PinState,GPIO_Label
PD14.GPIO_Label=GRN
PD14.Locked=true
PD14.PinState=GPIO_PIN_SET
PD14.Signal=GPIO_Output
PD15.GPIOParameters=GPIO_Speed,PinState,GPIO_Label
PD15.GPIO_Label=RED
PD15.GPIO_Speed=GPIO_SPEED_FREQ_VERY_HIGH
PD15.Locked=true
PD15.PinState=GPIO_PIN_SET
PD15.Signal=GPIO_Output
PD3.Locked=true
PD3.Mode=Single Bank 1
PD3.Signal=QUADSPI_BK1_NCS
PD5.Locked=true
PD5.Mode=Single Bank 1
PD5.Signal=QUADSPI_BK1_IO1
PD6.Locked=true
PD6.Mode=Single Bank 1
PD6.Signal=QUADSPI_BK1_IO2
PD7.Locked=true
PD7.Mode=Single Bank 1
PD7.Signal=QUADSPI_BK1_IO3
PinOutPanel.CurrentBGAView=Top
PinOutPanel.RotationAngle=0
ProjectManager.AskForMigrate=true
ProjectManager.BackupPrevious=false
ProjectManager.CompilerOptimize=6
ProjectManager.ComputerToolchain=false
ProjectManager.CoupleFile=true
ProjectManager.CustomerFirmwarePackage=
ProjectManager.DefaultFWLocation=true
ProjectManager.DeletePrevious=true
ProjectManager.DeviceId=STM32WB5MMGHx
ProjectManager.FirmwarePackage=STM32Cube FW_WB V1.18.0
ProjectManager.FreePins=false
ProjectManager.HalAssertFull=false
ProjectManager.HeapSize=0x200
ProjectManager.KeepUserCode=true
ProjectManager.LastFirmware=true
ProjectManager.LibraryCopy=1
ProjectManager.MainLocation=Core/Src
ProjectManager.NoMain=false
ProjectManager.PreviousToolchain=
ProjectManager.ProjectBuild=false
ProjectManager.ProjectFileName=AQST_RevG.ioc
ProjectManager.ProjectName=AQST_RevG
ProjectManager.ProjectStructure=
ProjectManager.RegisterCallBack=
ProjectManager.StackSize=0x400
ProjectManager.TargetToolchain=STM32CubeIDE
ProjectManager.ToolChainLocation=
ProjectManager.UAScriptAfterPath=
ProjectManager.UAScriptBeforePath=
ProjectManager.UnderRoot=true
ProjectManager.functionlistsort=1-SystemClock_Config-RCC-false-HAL-false,2-MX_GPIO_Init-GPIO-false-HAL-true,3-MX_DMA_Init-DMA-false-HAL-true,4-MX_RTC_Init-RTC-false-HAL-true,5-APPE_Init-STM32_WPAN-false-HAL-false,6-MX_I2C3_Init-I2C3-false-HAL-true,7-MX_QUADSPI_Init-QUADSPI-false-HAL-true,8-MX_ADC1_Init-ADC1-false-HAL-true,9-MX_IPCC_Init-IPCC-false-HAL-true,10-MX_LPUART1_UART_Init-LPUART1-false-HAL-true,0-MX_RF_Init-RF-false-HAL-true,0-MX_HSEM_Init-HSEM-false-HAL-true
QUADSPI.ClockPrescaler=2
QUADSPI.FifoThreshold=4
QUADSPI.FlashSize=20
QUADSPI.IPParameters=ClockPrescaler,FifoThreshold,FlashSize
RCC.ADCFreq_Value=48000000
RCC.AHBFreq_Value=32000000
RCC.APB1Freq_Value=32000000
RCC.APB1TimFreq_Value=32000000
RCC.APB2Freq_Value=32000000
RCC.APB2TimFreq_Value=32000000
RCC.APB3Freq_Value=16000000
RCC.Cortex2Freq_Value=32000000
RCC.CortexFreq_Value=32000000
RCC.FCLK2Freq_Value=32000000
RCC.FCLKCortexFreq_Value=32000000
RCC.FamilyName=M
RCC.HCLK2Freq_Value=32000000
RCC.HCLK3Freq_Value=32000000
RCC.HCLKFreq_Value=32000000
RCC.HCLKRFFreq_Value=16000000
RCC.HSE_VALUE=32000000
RCC.HSI48_VALUE=48000000
RCC.HSI_VALUE=16000000
RCC.I2C1Freq_Value=32000000
RCC.I2C3Freq_Value=32000000
RCC.IPParameters=ADCFreq_Value,AHBFreq_Value,APB1Freq_Value,APB1TimFreq_Value,APB2Freq_Value,APB2TimFreq_Value,APB3Freq_Value,Cortex2Freq_Value,CortexFreq_Value,FCLK2Freq_Value,FCLKCortexFreq_Value,FamilyName,HCLK2Freq_Value,HCLK3Freq_Value,HCLKFreq_Value,HCLKRFFreq_Value,HSE_VALUE,HSI48_VALUE,HSI_VALUE,I2C1Freq_Value,I2C3Freq_Value,LCDFreq_Value,LPTIM1Freq_Value,LPTIM2Freq_Value,LPUART1Freq_Value,LSCOPinFreq_Value,LSI_VALUE,MCO1PinFreq_Value,PLLPoutputFreq_Value,PLLQoutputFreq_Value,PLLRCLKFreq_Value,PLLSAI1N,PLLSAI1PoutputFreq_Value,PLLSAI1QoutputFreq_Value,PLLSAI1RoutputFreq_Value,PWRFreq_Value,RFWKPClockSelection,RFWKPFreq_Value,RNGFreq_Value,RTCClockSelection,RTCFreq_Value,SAI1Freq_Value,SMPS1Freq_Value,SMPSCLockSelectionVirtual,SMPSDivider,SMPSFreq_Value,SYSCLKFreq_VALUE,SYSCLKSource,USART1Freq_Value,USBFreq_Value,VCOInputFreq_Value,VCOOutputFreq_Value,VCOSAI1OutputFreq_Value
RCC.LCDFreq_Value=32774
RCC.LPTIM1Freq_Value=32000000
RCC.LPTIM2Freq_Value=32000000
RCC.LPUART1Freq_Value=32000000
RCC.LSCOPinFreq_Value=32000
RCC.LSI_VALUE=32000
RCC.MCO1PinFreq_Value=32000000
RCC.PLLPoutputFreq_Value=16000000
RCC.PLLQoutputFreq_Value=16000000
RCC.PLLRCLKFreq_Value=16000000
RCC.PLLSAI1N=24
RCC.PLLSAI1PoutputFreq_Value=48000000
RCC.PLLSAI1QoutputFreq_Value=48000000
RCC.PLLSAI1RoutputFreq_Value=48000000
RCC.PWRFreq_Value=32000000
RCC.RFWKPClockSelection=RCC_RFWKPCLKSOURCE_LSE
RCC.RFWKPFreq_Value=32774
RCC.RNGFreq_Value=32000
RCC.RTCClockSelection=RCC_RTCCLKSOURCE_LSE
RCC.RTCFreq_Value=32774
RCC.SAI1Freq_Value=48000000
RCC.SMPS1Freq_Value=8000000
RCC.SMPSCLockSelectionVirtual=RCC_SMPSCLKSOURCE_HSE
RCC.SMPSDivider=4
RCC.SMPSFreq_Value=4000000
RCC.SYSCLKFreq_VALUE=32000000
RCC.SYSCLKSource=RCC_SYSCLKSOURCE_HSE
RCC.USART1Freq_Value=32000000
RCC.USBFreq_Value=48000000
RCC.VCOInputFreq_Value=4000000
RCC.VCOOutputFreq_Value=32000000
RCC.VCOSAI1OutputFreq_Value=96000000
RTC.Format=RTC_FORMAT_BCD
RTC.IPParameters=Format
SH.ADCx_IN4.0=ADC1_IN4,IN4-Single-Ended
SH.ADCx_IN4.ConfNb=1
SH.GPXTI0.0=GPIO_EXTI0
SH.GPXTI0.ConfNb=1
SH.GPXTI12.0=GPIO_EXTI12
SH.GPXTI12.ConfNb=1
SH.GPXTI6.0=GPIO_EXTI6
SH.GPXTI6.ConfNb=1
STM32_WPAN.AD_SERVICE_CLASS_UUID_1=18 0F
STM32_WPAN.AD_SERVICE_CLASS_UUID_1_INV=[0F, 18]
STM32_WPAN.AD_TYPE_APPEARANCE=0x02, 0x00 /* GENERIC_TAG_APPEARANCE */
STM32_WPAN.AD_TYPE_MANUFACTURER_DATA_NBR=6
STM32_WPAN.AD_TYPE_MANUFACTURER_SPECIFIC_DATA_COMPANY_IDENTIFIER=00,00
STM32_WPAN.AD_TYPE_SHORTENED_LOCAL_NAME=AQST
STM32_WPAN.AD_TYPE_SLAVE_CONN_INTERVAL_MIN_MAX=1
STM32_WPAN.CFG_BLE_DATA_LENGTH_EXTENSION=0
STM32_WPAN.CFG_BLE_NUM_LINK=8
STM32_WPAN.CFG_BLE_OPTIONS_DEVICE_NAME=SHCI_C2_BLE_INIT_OPTIONS_DEVICE_NAME_RO
STM32_WPAN.CFG_BONDING_MODE=1
STM32_WPAN.CFG_DEBUGGER_SUPPORTED=0
STM32_WPAN.CFG_GAP_DEVICE_NAME=AQST
STM32_WPAN.CFG_GAP_DEVICE_NAME_LENGTH=4
STM32_WPAN.CFG_HW_RESET_BY_FW=1
STM32_WPAN.CFG_HW_TS_MAX_NBR_CONCURRENT_TIMER=20
STM32_WPAN.CFG_HW_TS_NVIC_RTC_WAKEUP_IT_PREEMPTPRIO=3
STM32_WPAN.CFG_IO_CAPABILITY=CFG_IO_CAPABILITY_DISPLAY_ONLY
STM32_WPAN.CFG_LPM_SUPPORTED=1
STM32_WPAN.CFG_TX_POWER=(0x1F) /* 6dBm */
STM32_WPAN.CFG_USE_SMPS=1
STM32_WPAN.CUSTOM_P2P_SERVER=Disabled
STM32_WPAN.CUSTOM_TEMPLATE=Enabled
STM32_WPAN.DBG_TRACE_USE_CIRCULAR_QUEUE=0
STM32_WPAN.GAP_BROADCASTER_ROLE=0
STM32_WPAN.GAP_CENTRAL_ROLE=0
STM32_WPAN.GAP_PERIPHERAL_ROLE=1
STM32_WPAN.INCLUDE_AD_TYPE_16_BIT_SERV_UUID_CMPLT_LIST=1
STM32_WPAN.INCLUDE_AD_TYPE_ADVERTISING_INTERVAL=0
STM32_WPAN.INCLUDE_AD_TYPE_APPEARANCE=1
STM32_WPAN.INCLUDE_AD_TYPE_COMPLETE_LOCAL_NAME=0
STM32_WPAN.INCLUDE_AD_TYPE_LE_ROLE=0
STM32_WPAN.INCLUDE_AD_TYPE_MANUFACTURER_SPECIFIC_DATA=1
STM32_WPAN.INCLUDE_AD_TYPE_SHORTENED_LOCAL_NAME=0
STM32_WPAN.INCLUDE_AD_TYPE_SLAVE_CONN_INTERVAL=0
STM32_WPAN.INCLUDE_AD_TYPE_TX_POWER_LEVEL=1
STM32_WPAN.INCLUDE_AD_TYPE_URI=0
STM32_WPAN.IPParameters=CFG_LPM_SUPPORTED,CFG_DEBUGGER_SUPPORTED,DBG_TRACE_USE_CIRCULAR_QUEUE,CFG_TX_POWER,CUSTOM_P2P_SERVER,CUSTOM_TEMPLATE,NUMBER_OF_SERVICES,SERVICE1_LONG_NAME,SERVICE1_SHORT_NAME,SERVICE1_CHAR1_LONG_NAME,SERVICE1_CHAR1_SHORT_NAME,SERVICE1_CHAR1_UUID_128_INPUT_TYPE,SERVICE1_CHAR1_UUID,INCLUDE_AD_TYPE_COMPLETE_LOCAL_NAME,SERVICE1_UUID,SERVICE1_CHAR1_PROP_READ,SERVICE1_NUMBER_OF_CHARACTERISTICS,SERVICE2_LONG_NAME,SERVICE2_SHORT_NAME,SERVICE3_LONG_NAME,SERVICE3_SHORT_NAME,SERVICE4_LONG_NAME,SERVICE4_SHORT_NAME,SERVICE5_LONG_NAME,SERVICE5_SHORT_NAME,SERVICE1_CHAR1_GATT_NOTIFY_WRITE_REQ_AND_WAIT_FOR_APPL_RESP,SERVICE1_CHAR1_GATT_NOTIFY_ATTRIBUTE_WRITE,SERVICE1_CHAR2_LONG_NAME,SERVICE1_CHAR2_SHORT_NAME,SERVICE1_CHAR2_UUID_TYPE,SERVICE1_CHAR2_UUID_128_INPUT_TYPE,SERVICE1_CHAR2_UUID,SERVICE1_CHAR2_PROP_NOTIFY,SERVICE1_CHAR2_GATT_NOTIFY_WRITE_REQ_AND_WAIT_FOR_APPL_RESP,SERVICE1_CHAR2_GATT_NOTIFY_READ_REQ_AND_WAIT_FOR_APPL_RESP,SERVICE1_CHAR3_LONG_NAME,SERVICE1_CHAR3_SHORT_NAME,SERVICE1_CHAR3_UUID_128_INPUT_TYPE,SERVICE1_CHAR3_UUID,SERVICE1_CHAR3_PROP_NOTIFY,SERVICE1_CHAR3_GATT_NOTIFY_WRITE_REQ_AND_WAIT_FOR_APPL_RESP,SERVICE1_CHAR3_GATT_NOTIFY_READ_REQ_AND_WAIT_FOR_APPL_RESP,SERVICE2_UUID_128_INPUT_TYPE,SERVICE2_UUID,SERVICE2_NUMBER_OF_CHARACTERISTICS,SERVICE2_CHAR1_UUID_128_INPUT_TYPE,SERVICE2_CHAR1_UUID,SERVICE2_CHAR1_LONG_NAME,SERVICE2_CHAR1_SHORT_NAME,SERVICE2_CHAR1_PROP_NOTIFY,SERVICE2_CHAR1_GATT_NOTIFY_WRITE_REQ_AND_WAIT_FOR_APPL_RESP,SERVICE2_CHAR1_GATT_NOTIFY_READ_REQ_AND_WAIT_FOR_APPL_RESP,SERVICE2_CHAR2_UUID_128_INPUT_TYPE,SERVICE2_CHAR2_UUID,SERVICE2_CHAR2_LONG_NAME,SERVICE2_CHAR2_SHORT_NAME,SERVICE2_CHAR2_VALUE_LENGTH,SERVICE2_CHAR2_PROP_NOTIFY,SERVICE2_CHAR2_GATT_NOTIFY_WRITE_REQ_AND_WAIT_FOR_APPL_RESP,SERVICE2_CHAR2_GATT_NOTIFY_READ_REQ_AND_WAIT_FOR_APPL_RESP,SERVICE2_CHAR3_LONG_NAME,SERVICE2_CHAR3_SHORT_NAME,SERVICE2_CHAR3_UUID_128_INPUT_TYPE,SERVICE2_CHAR3_UUID,SERVICE2_CHAR3_VALUE_LENGTH,SERVICE2_CHAR3_PROP_NOTIFY,SERVICE2_CHAR3_GATT_NOTIFY_WRITE_REQ_AND_WAIT_FOR_APPL_RESP,SERVICE2_CHAR3_GATT_NOTIFY_READ_REQ_AND_WAIT_FOR_APPL_RESP,SERVICE2_CHAR4_LONG_NAME,SERVICE2_CHAR4_SHORT_NAME,SERVICE2_CHAR4_UUID_128_INPUT_TYPE,SERVICE2_CHAR4_UUID,SERVICE2_CHAR4_VALUE_LENGTH,SERVICE2_CHAR4_PROP_NOTIFY,SERVICE2_CHAR4_GATT_NOTIFY_WRITE_REQ_AND_WAIT_FOR_APPL_RESP,SERVICE2_CHAR4_GATT_NOTIFY_READ_REQ_AND_WAIT_FOR_APPL_RESP,SERVICE2_CHAR5_LONG_NAME,SERVICE2_CHAR5_SHORT_NAME,SERVICE2_CHAR5_UUID_128_INPUT_TYPE,SERVICE2_CHAR5_UUID,SERVICE2_CHAR5_VALUE_LENGTH,SERVICE2_CHAR5_PROP_NOTIFY,SERVICE2_CHAR5_GATT_NOTIFY_WRITE_REQ_AND_WAIT_FOR_APPL_RESP,SERVICE2_CHAR5_GATT_NOTIFY_READ_REQ_AND_WAIT_FOR_APPL_RESP,SERVICE3_NUMBER_OF_CHARACTERISTICS,SERVICE3_UUID_128_INPUT_TYPE,SERVICE3_UUID,SERVICE3_CHAR1_LONG_NAME,SERVICE3_CHAR1_SHORT_NAME,SERVICE3_CHAR1_UUID_128_INPUT_TYPE,SERVICE3_CHAR1_UUID,SERVICE3_CHAR1_PROP_NOTIFY,SERVICE3_CHAR1_GATT_NOTIFY_WRITE_REQ_AND_WAIT_FOR_APPL_RESP,SERVICE3_CHAR1_GATT_NOTIFY_READ_REQ_AND_WAIT_FOR_APPL_RESP,SERVICE3_CHAR2_UUID_128_INPUT_TYPE,SERVICE3_CHAR2_UUID,SERVICE3_CHAR2_LONG_NAME,SERVICE3_CHAR2_SHORT_NAME,SERVICE3_CHAR2_PROP_NOTIFY,SERVICE3_CHAR2_GATT_NOTIFY_READ_REQ_AND_WAIT_FOR_APPL_RESP,SERVICE3_CHAR2_GATT_NOTIFY_WRITE_REQ_AND_WAIT_FOR_APPL_RESP,SERVICE3_CHAR3_LONG_NAME,SERVICE3_CHAR3_SHORT_NAME,SERVICE3_CHAR3_UUID_128_INPUT_TYPE,SERVICE3_CHAR3_UUID,SERVICE3_CHAR3_VALUE_LENGTH,SERVICE3_CHAR3_PROP_NOTIFY,SERVICE3_CHAR3_GATT_NOTIFY_WRITE_REQ_AND_WAIT_FOR_APPL_RESP,SERVICE3_CHAR3_GATT_NOTIFY_READ_REQ_AND_WAIT_FOR_APPL_RESP,SERVICE3_CHAR4_UUID_128_INPUT_TYPE,SERVICE3_CHAR4_UUID,SERVICE3_CHAR4_LONG_NAME,SERVICE3_CHAR4_SHORT_NAME,SERVICE3_CHAR4_LENGTH_CHARACTERISTIC,SERVICE3_CHAR4_VALUE_LENGTH,SERVICE3_CHAR4_PROP_NOTIFY,SERVICE3_CHAR4_GATT_NOTIFY_WRITE_REQ_AND_WAIT_FOR_APPL_RESP,SERVICE3_CHAR4_GATT_NOTIFY_READ_REQ_AND_WAIT_FOR_APPL_RESP,SERVICE4_NUMBER_OF_CHARACTERISTICS,SERVICE4_UUID_128_INPUT_TYPE,SERVICE4_UUID,SERVICE4_CHAR1_LONG_NAME,SERVICE4_CHAR1_SHORT_NAME,SERVICE4_CHAR1_UUID_128_INPUT_TYPE,SERVICE4_CHAR1_UUID,SERVICE4_CHAR1_VALUE_LENGTH,SERVICE4_CHAR1_LENGTH_CHARACTERISTIC,SERVICE4_CHAR1_PROP_NOTIFY,SERVICE4_CHAR1_GATT_NOTIFY_WRITE_REQ_AND_WAIT_FOR_APPL_RESP,SERVICE4_CHAR1_GATT_NOTIFY_ATTRIBUTE_WRITE,SERVICE4_CHAR1_GATT_NOTIFY_READ_REQ_AND_WAIT_FOR_APPL_RESP,SERVICE4_CHAR2_LONG_NAME,SERVICE4_CHAR2_SHORT_NAME,SERVICE4_CHAR2_UUID_128_INPUT_TYPE,SERVICE4_CHAR2_UUID,SERVICE4_CHAR2_PROP_NOTIFY,SERVICE4_CHAR2_GATT_NOTIFY_WRITE_REQ_AND_WAIT_FOR_APPL_RESP,SERVICE4_CHAR2_GATT_NOTIFY_READ_REQ_AND_WAIT_FOR_APPL_RESP,SERVICE5_UUID_128_INPUT_TYPE,SERVICE5_UUID,SERVICE5_NUMBER_OF_CHARACTERISTICS,SERVICE5_CHAR1_UUID_128_INPUT_TYPE,SERVICE5_CHAR1_UUID,SERVICE5_CHAR1_LONG_NAME,SERVICE5_CHAR1_SHORT_NAME,SERVICE5_CHAR1_VALUE_LENGTH,SERVICE5_CHAR1_PROP_READ,SERVICE5_CHAR1_PROP_WRITE_WITHOUT_RESP,SERVICE5_CHAR1_GATT_NOTIFY_ATTRIBUTE_WRITE,SERVICE5_CHAR2_UUID_128_INPUT_TYPE,SERVICE5_CHAR2_UUID,SERVICE5_CHAR2_LONG_NAME,SERVICE5_CHAR2_SHORT_NAME,SERVICE5_CHAR2_PROP_NOTIFY,SERVICE5_CHAR2_GATT_NOTIFY_WRITE_REQ_AND_WAIT_FOR_APPL_RESP,SERVICE5_CHAR2_GATT_NOTIFY_READ_REQ_AND_WAIT_FOR_APPL_RESP,SERVICE5_CHAR3_LONG_NAME,SERVICE5_CHAR3_SHORT_NAME,SERVICE5_CHAR3_UUID_128_INPUT_TYPE,SERVICE5_CHAR3_UUID,SERVICE5_CHAR3_PROP_WRITE_WITHOUT_RESP,SERVICE5_CHAR3_GATT_NOTIFY_ATTRIBUTE_WRITE,SERVICE5_CHAR3_GATT_NOTIFY_READ_REQ_AND_WAIT_FOR_APPL_RESP,GAP_PERIPHERAL_ROLE,GAP_BROADCASTER_ROLE,GAP_CENTRAL_ROLE,PAIRING_PARAMETERS,INCLUDE_AD_TYPE_ADVERTISING_INTERVAL,INCLUDE_AD_TYPE_SHORTENED_LOCAL_NAME,INCLUDE_AD_TYPE_LE_ROLE,INCLUDE_AD_TYPE_MANUFACTURER_SPECIFIC_DATA,INCLUDE_AD_TYPE_16_BIT_SERV_UUID_CMPLT_LIST,AD_SERVICE_CLASS_UUID_1,AD_SERVICE_CLASS_UUID_1_INV,INCLUDE_AD_TYPE_SLAVE_CONN_INTERVAL,AD_TYPE_SLAVE_CONN_INTERVAL_MIN_MAX,INCLUDE_AD_TYPE_APPEARANCE,AD_TYPE_APPEARANCE,INCLUDE_AD_TYPE_TX_POWER_LEVEL,CFG_BONDING_MODE,CFG_IO_CAPABILITY,INCLUDE_AD_TYPE_URI,CFG_BLE_OPTIONS_DEVICE_NAME,SERVICE2_CHAR1_VALUE_LENGTH,CFG_USE_SMPS,CFG_HW_RESET_BY_FW,CFG_HW_TS_NVIC_RTC_WAKEUP_IT_PREEMPTPRIO,CFG_HW_TS_MAX_NBR_CONCURRENT_TIMER,SERVICE1_CHAR1_PROP_NOTIFY,SERVICE3_CHAR1_VALUE_LENGTH,SERVICE3_CHAR2_VALUE_LENGTH,SERVICE5_CHAR3_VALUE_LENGTH,CFG_BLE_DATA_LENGTH_EXTENSION,CFG_BLE_NUM_LINK,CFG_GAP_DEVICE_NAME,CFG_GAP_DEVICE_NAME_LENGTH,AD_TYPE_SHORTENED_LOCAL_NAME,AD_TYPE_MANUFACTURER_DATA_NBR,AD_TYPE_MANUFACTURER_SPECIFIC_DATA_COMPANY_IDENTIFIER
STM32_WPAN.NUMBER_OF_SERVICES=5
STM32_WPAN.PAIRING_PARAMETERS=ON
STM32_WPAN.SERVICE1_CHAR1_GATT_NOTIFY_ATTRIBUTE_WRITE=GATT_NOTIFY_ATTRIBUTE_WRITE
STM32_WPAN.SERVICE1_CHAR1_GATT_NOTIFY_WRITE_REQ_AND_WAIT_FOR_APPL_RESP=\ 
STM32_WPAN.SERVICE1_CHAR1_LONG_NAME=Battery_percentage
STM32_WPAN.SERVICE1_CHAR1_PROP_NOTIFY=CHAR_PROP_NOTIFY
STM32_WPAN.SERVICE1_CHAR1_PROP_READ=CHAR_PROP_READ
STM32_WPAN.SERVICE1_CHAR1_SHORT_NAME=Bat_Level
STM32_WPAN.SERVICE1_CHAR1_UUID=2A 19
STM32_WPAN.SERVICE1_CHAR1_UUID_128_INPUT_TYPE=0
STM32_WPAN.SERVICE1_CHAR2_GATT_NOTIFY_READ_REQ_AND_WAIT_FOR_APPL_RESP=\ 
STM32_WPAN.SERVICE1_CHAR2_GATT_NOTIFY_WRITE_REQ_AND_WAIT_FOR_APPL_RESP=\ 
STM32_WPAN.SERVICE1_CHAR2_LONG_NAME=EOC
STM32_WPAN.SERVICE1_CHAR2_PROP_NOTIFY=CHAR_PROP_NOTIFY
STM32_WPAN.SERVICE1_CHAR2_SHORT_NAME=EOC
STM32_WPAN.SERVICE1_CHAR2_UUID=0E 64 8E 95 13 0A 46 CD 80 3A F8 38 43 39 16 F0
STM32_WPAN.SERVICE1_CHAR2_UUID_128_INPUT_TYPE=1
STM32_WPAN.SERVICE1_CHAR2_UUID_TYPE=0x02
STM32_WPAN.SERVICE1_CHAR3_GATT_NOTIFY_READ_REQ_AND_WAIT_FOR_APPL_RESP=\ 
STM32_WPAN.SERVICE1_CHAR3_GATT_NOTIFY_WRITE_REQ_AND_WAIT_FOR_APPL_RESP=\ 
STM32_WPAN.SERVICE1_CHAR3_LONG_NAME=PWR_Good
STM32_WPAN.SERVICE1_CHAR3_PROP_NOTIFY=CHAR_PROP_NOTIFY
STM32_WPAN.SERVICE1_CHAR3_SHORT_NAME=PWR_GD
STM32_WPAN.SERVICE1_CHAR3_UUID=4D 1E 5A 50 8D B1 45 E2 AE D9 66 FB 85 48 32 14
STM32_WPAN.SERVICE1_CHAR3_UUID_128_INPUT_TYPE=1
STM32_WPAN.SERVICE1_LONG_NAME=Battery_Service
STM32_WPAN.SERVICE1_NUMBER_OF_CHARACTERISTICS=3
STM32_WPAN.SERVICE1_SHORT_NAME=Bat
STM32_WPAN.SERVICE1_UUID=18 0F
STM32_WPAN.SERVICE2_CHAR1_GATT_NOTIFY_READ_REQ_AND_WAIT_FOR_APPL_RESP=\ 
STM32_WPAN.SERVICE2_CHAR1_GATT_NOTIFY_WRITE_REQ_AND_WAIT_FOR_APPL_RESP=\ 
STM32_WPAN.SERVICE2_CHAR1_LONG_NAME=IAQ_Index
STM32_WPAN.SERVICE2_CHAR1_PROP_NOTIFY=CHAR_PROP_NOTIFY
STM32_WPAN.SERVICE2_CHAR1_SHORT_NAME=IAQ_in
STM32_WPAN.SERVICE2_CHAR1_UUID=1B 8E 53 B4 12 44 48 0C A5 23 78 43 8C C7 34 53
STM32_WPAN.SERVICE2_CHAR1_UUID_128_INPUT_TYPE=1
STM32_WPAN.SERVICE2_CHAR1_VALUE_LENGTH=4
STM32_WPAN.SERVICE2_CHAR2_GATT_NOTIFY_READ_REQ_AND_WAIT_FOR_APPL_RESP=\ 
STM32_WPAN.SERVICE2_CHAR2_GATT_NOTIFY_WRITE_REQ_AND_WAIT_FOR_APPL_RESP=\ 
STM32_WPAN.SERVICE2_CHAR2_LONG_NAME=Relative_IAQ_Index
STM32_WPAN.SERVICE2_CHAR2_PROP_NOTIFY=CHAR_PROP_NOTIFY
STM32_WPAN.SERVICE2_CHAR2_SHORT_NAME=Relative_IA
STM32_WPAN.SERVICE2_CHAR2_UUID=1C 8E 53 B4 12 44 48 0C A5 23 78 43 8C C7 34 53
STM32_WPAN.SERVICE2_CHAR2_UUID_128_INPUT_TYPE=1
STM32_WPAN.SERVICE2_CHAR2_VALUE_LENGTH=4
STM32_WPAN.SERVICE2_CHAR3_GATT_NOTIFY_READ_REQ_AND_WAIT_FOR_APPL_RESP=\ 
STM32_WPAN.SERVICE2_CHAR3_GATT_NOTIFY_WRITE_REQ_AND_WAIT_FOR_APPL_RESP=\ 
STM32_WPAN.SERVICE2_CHAR3_LONG_NAME=TVOC
STM32_WPAN.SERVICE2_CHAR3_PROP_NOTIFY=CHAR_PROP_NOTIFY
STM32_WPAN.SERVICE2_CHAR3_SHORT_NAME=TVOC
STM32_WPAN.SERVICE2_CHAR3_UUID=1D 8E 53 B4 12 44 48 0C A5 23 78 43 8C C7 34 53
STM32_WPAN.SERVICE2_CHAR3_UUID_128_INPUT_TYPE=1
STM32_WPAN.SERVICE2_CHAR3_VALUE_LENGTH=4
STM32_WPAN.SERVICE2_CHAR4_GATT_NOTIFY_READ_REQ_AND_WAIT_FOR_APPL_RESP=\ 
STM32_WPAN.SERVICE2_CHAR4_GATT_NOTIFY_WRITE_REQ_AND_WAIT_FOR_APPL_RESP=\ 
STM32_WPAN.SERVICE2_CHAR4_LONG_NAME=ETOH
STM32_WPAN.SERVICE2_CHAR4_PROP_NOTIFY=CHAR_PROP_NOTIFY
STM32_WPAN.SERVICE2_CHAR4_SHORT_NAME=ETOH
STM32_WPAN.SERVICE2_CHAR4_UUID=1E 8E 53 B4 12 44 48 0C A5 23 78 43 8C C7 34 53
STM32_WPAN.SERVICE2_CHAR4_UUID_128_INPUT_TYPE=1
STM32_WPAN.SERVICE2_CHAR4_VALUE_LENGTH=4
STM32_WPAN.SERVICE2_CHAR5_GATT_NOTIFY_READ_REQ_AND_WAIT_FOR_APPL_RESP=\ 
STM32_WPAN.SERVICE2_CHAR5_GATT_NOTIFY_WRITE_REQ_AND_WAIT_FOR_APPL_RESP=\ 
STM32_WPAN.SERVICE2_CHAR5_LONG_NAME=ECO2
STM32_WPAN.SERVICE2_CHAR5_PROP_NOTIFY=CHAR_PROP_NOTIFY
STM32_WPAN.SERVICE2_CHAR5_SHORT_NAME=CO2
STM32_WPAN.SERVICE2_CHAR5_UUID=55 CA BE AB 9E 30 4B 4E 8A C5 DB F2 E8 74 A9 4C
STM32_WPAN.SERVICE2_CHAR5_UUID_128_INPUT_TYPE=1
STM32_WPAN.SERVICE2_CHAR5_VALUE_LENGTH=4
STM32_WPAN.SERVICE2_LONG_NAME=Gases
STM32_WPAN.SERVICE2_NUMBER_OF_CHARACTERISTICS=5
STM32_WPAN.SERVICE2_SHORT_NAME=Gas
STM32_WPAN.SERVICE2_UUID=E9 D8 FD 7C BE 97 49 FF 93 31 43 B2 C8 1A F4 F6
STM32_WPAN.SERVICE2_UUID_128_INPUT_TYPE=1
STM32_WPAN.SERVICE3_CHAR1_GATT_NOTIFY_READ_REQ_AND_WAIT_FOR_APPL_RESP=\ 
STM32_WPAN.SERVICE3_CHAR1_GATT_NOTIFY_WRITE_REQ_AND_WAIT_FOR_APPL_RESP=\ 
STM32_WPAN.SERVICE3_CHAR1_LONG_NAME=Temperature
STM32_WPAN.SERVICE3_CHAR1_PROP_NOTIFY=CHAR_PROP_NOTIFY
STM32_WPAN.SERVICE3_CHAR1_SHORT_NAME=Temp
STM32_WPAN.SERVICE3_CHAR1_UUID=0E 3B 77 CC 2C AC 43 79 86 A2 67 18 AB 54 07 CB
STM32_WPAN.SERVICE3_CHAR1_UUID_128_INPUT_TYPE=1
STM32_WPAN.SERVICE3_CHAR1_VALUE_LENGTH=4
STM32_WPAN.SERVICE3_CHAR2_GATT_NOTIFY_READ_REQ_AND_WAIT_FOR_APPL_RESP=\ 
STM32_WPAN.SERVICE3_CHAR2_GATT_NOTIFY_WRITE_REQ_AND_WAIT_FOR_APPL_RESP=\ 
STM32_WPAN.SERVICE3_CHAR2_LONG_NAME=Humidity
STM32_WPAN.SERVICE3_CHAR2_PROP_NOTIFY=CHAR_PROP_NOTIFY
STM32_WPAN.SERVICE3_CHAR2_SHORT_NAME=Humi
STM32_WPAN.SERVICE3_CHAR2_UUID=56 1D F5 2B 92 59 45 C9 9F 33 19 EE 10 54 CB BA
STM32_WPAN.SERVICE3_CHAR2_UUID_128_INPUT_TYPE=1
STM32_WPAN.SERVICE3_CHAR2_VALUE_LENGTH=4
STM32_WPAN.SERVICE3_CHAR3_GATT_NOTIFY_READ_REQ_AND_WAIT_FOR_APPL_RESP=\ 
STM32_WPAN.SERVICE3_CHAR3_GATT_NOTIFY_WRITE_REQ_AND_WAIT_FOR_APPL_RESP=\ 
STM32_WPAN.SERVICE3_CHAR3_LONG_NAME=Pressure
STM32_WPAN.SERVICE3_CHAR3_PROP_NOTIFY=CHAR_PROP_NOTIFY
STM32_WPAN.SERVICE3_CHAR3_SHORT_NAME=Pres
STM32_WPAN.SERVICE3_CHAR3_UUID=C2 8E 1B EF 50 33 41 36 A3 3E 67 6F 41 8B 9A 06
STM32_WPAN.SERVICE3_CHAR3_UUID_128_INPUT_TYPE=1
STM32_WPAN.SERVICE3_CHAR3_VALUE_LENGTH=4
STM32_WPAN.SERVICE3_CHAR4_GATT_NOTIFY_READ_REQ_AND_WAIT_FOR_APPL_RESP=\ 
STM32_WPAN.SERVICE3_CHAR4_GATT_NOTIFY_WRITE_REQ_AND_WAIT_FOR_APPL_RESP=\ 
STM32_WPAN.SERVICE3_CHAR4_LENGTH_CHARACTERISTIC=CHAR_VALUE_LEN_VARIABLE
STM32_WPAN.SERVICE3_CHAR4_LONG_NAME=Get_ENV_log
STM32_WPAN.SERVICE3_CHAR4_PROP_NOTIFY=CHAR_PROP_NOTIFY
STM32_WPAN.SERVICE3_CHAR4_SHORT_NAME=Get_ENV_log
STM32_WPAN.SERVICE3_CHAR4_UUID=54 BE F3 60 C7 91 4F F5 B9 C7 C9 3F 65 2B 36 1C
STM32_WPAN.SERVICE3_CHAR4_UUID_128_INPUT_TYPE=1
STM32_WPAN.SERVICE3_CHAR4_VALUE_LENGTH=247
STM32_WPAN.SERVICE3_LONG_NAME=Enviroment
STM32_WPAN.SERVICE3_NUMBER_OF_CHARACTERISTICS=4
STM32_WPAN.SERVICE3_SHORT_NAME=Env
STM32_WPAN.SERVICE3_UUID=E9 D8 FD 7C BE 97 49 FF 93 31 43 B2 C8 1A F4 F6
STM32_WPAN.SERVICE3_UUID_128_INPUT_TYPE=1
STM32_WPAN.SERVICE4_CHAR1_GATT_NOTIFY_ATTRIBUTE_WRITE=GATT_NOTIFY_ATTRIBUTE_WRITE
STM32_WPAN.SERVICE4_CHAR1_GATT_NOTIFY_READ_REQ_AND_WAIT_FOR_APPL_RESP=\ 
STM32_WPAN.SERVICE4_CHAR1_GATT_NOTIFY_WRITE_REQ_AND_WAIT_FOR_APPL_RESP=\ 
STM32_WPAN.SERVICE4_CHAR1_LENGTH_CHARACTERISTIC=CHAR_VALUE_LEN_VARIABLE
STM32_WPAN.SERVICE4_CHAR1_LONG_NAME=Get_Lightning_log
STM32_WPAN.SERVICE4_CHAR1_PROP_NOTIFY=CHAR_PROP_NOTIFY
STM32_WPAN.SERVICE4_CHAR1_SHORT_NAME=Get_Lightning_log
STM32_WPAN.SERVICE4_CHAR1_UUID=D6 90 B7 73 89 28 4F 22 88 59 F7 DC 39 1D 26 B8
STM32_WPAN.SERVICE4_CHAR1_UUID_128_INPUT_TYPE=1
STM32_WPAN.SERVICE4_CHAR1_VALUE_LENGTH=240
STM32_WPAN.SERVICE4_CHAR2_GATT_NOTIFY_READ_REQ_AND_WAIT_FOR_APPL_RESP=\ 
STM32_WPAN.SERVICE4_CHAR2_GATT_NOTIFY_WRITE_REQ_AND_WAIT_FOR_APPL_RESP=\ 
STM32_WPAN.SERVICE4_CHAR2_LONG_NAME=Strike_distance
STM32_WPAN.SERVICE4_CHAR2_PROP_NOTIFY=CHAR_PROP_NOTIFY
STM32_WPAN.SERVICE4_CHAR2_SHORT_NAME=Strike_distance
STM32_WPAN.SERVICE4_CHAR2_UUID=0D F9 40 6C 36 7D 4E 69 B0 81 B5 BB E4 33 82 1F
STM32_WPAN.SERVICE4_CHAR2_UUID_128_INPUT_TYPE=1
STM32_WPAN.SERVICE4_LONG_NAME=Lightining_Strike
STM32_WPAN.SERVICE4_NUMBER_OF_CHARACTERISTICS=2
STM32_WPAN.SERVICE4_SHORT_NAME=Lightining
STM32_WPAN.SERVICE4_UUID=E2 51 F8 CC EF F0 4B BB B6 AA AE 02 D7 27 EA EE
STM32_WPAN.SERVICE4_UUID_128_INPUT_TYPE=1
STM32_WPAN.SERVICE5_CHAR1_GATT_NOTIFY_ATTRIBUTE_WRITE=\ 
STM32_WPAN.SERVICE5_CHAR1_LONG_NAME=Time
STM32_WPAN.SERVICE5_CHAR1_PROP_READ=CHAR_PROP_READ
STM32_WPAN.SERVICE5_CHAR1_PROP_WRITE_WITHOUT_RESP=CHAR_PROP_WRITE_WITHOUT_RESP
STM32_WPAN.SERVICE5_CHAR1_SHORT_NAME=Time
STM32_WPAN.SERVICE5_CHAR1_UUID=53 03 0C D0 16 E6 44 3A 92 4D 9F 6D 53 28 85 BD
STM32_WPAN.SERVICE5_CHAR1_UUID_128_INPUT_TYPE=1
STM32_WPAN.SERVICE5_CHAR1_VALUE_LENGTH=7
STM32_WPAN.SERVICE5_CHAR2_GATT_NOTIFY_READ_REQ_AND_WAIT_FOR_APPL_RESP=\ 
STM32_WPAN.SERVICE5_CHAR2_GATT_NOTIFY_WRITE_REQ_AND_WAIT_FOR_APPL_RESP=\ 
STM32_WPAN.SERVICE5_CHAR2_LONG_NAME=Log_data_tx_status
STM32_WPAN.SERVICE5_CHAR2_PROP_NOTIFY=CHAR_PROP_NOTIFY
STM32_WPAN.SERVICE5_CHAR2_SHORT_NAME=Log_data_tx_status
STM32_WPAN.SERVICE5_CHAR2_UUID=DB 4A 9C E5 F8 5C 49 99 84 E7 52 B0 67 C8 3B C1
STM32_WPAN.SERVICE5_CHAR2_UUID_128_INPUT_TYPE=1
STM32_WPAN.SERVICE5_CHAR3_GATT_NOTIFY_ATTRIBUTE_WRITE=\ 
STM32_WPAN.SERVICE5_CHAR3_GATT_NOTIFY_READ_REQ_AND_WAIT_FOR_APPL_RESP=\ 
STM32_WPAN.SERVICE5_CHAR3_LONG_NAME=OTA
STM32_WPAN.SERVICE5_CHAR3_PROP_WRITE_WITHOUT_RESP=CHAR_PROP_WRITE_WITHOUT_RESP
STM32_WPAN.SERVICE5_CHAR3_SHORT_NAME=OTA
STM32_WPAN.SERVICE5_CHAR3_UUID=00 00 FE 24 8E 22 45 41 9D 4C 21 ED AE 82 ED 19
STM32_WPAN.SERVICE5_CHAR3_UUID_128_INPUT_TYPE=1
STM32_WPAN.SERVICE5_CHAR3_VALUE_LENGTH=3
STM32_WPAN.SERVICE5_LONG_NAME=Utilities
STM32_WPAN.SERVICE5_NUMBER_OF_CHARACTERISTICS=3
STM32_WPAN.SERVICE5_SHORT_NAME=Utility
STM32_WPAN.SERVICE5_UUID=1E 0A 99 E7 5F A1 4E F6 A7 D9 93 6B 78 88 DC 95
STM32_WPAN.SERVICE5_UUID_128_INPUT_TYPE=1
VP_ADC1_Vref_Input.Mode=IN-Vrefint
VP_ADC1_Vref_Input.Signal=ADC1_Vref_Input
VP_HSEM_VS_HSEM.Mode=HSEM_Activate
VP_HSEM_VS_HSEM.Signal=HSEM_VS_HSEM
VP_IPCC_VS_IPCC.Mode=IPCC_Activate
VP_IPCC_VS_IPCC.Signal=IPCC_VS_IPCC
VP_MEMORYMAP_VS_MEMORYMAP.Mode=CurAppReg
VP_MEMORYMAP_VS_MEMORYMAP.Signal=MEMORYMAP_VS_MEMORYMAP
VP_RCC_V_OSC32_IN.Mode=LSE-External-Clock-Source
VP_RCC_V_OSC32_IN.Signal=RCC_V_OSC32_IN
VP_RCC_V_OSC_IN.Mode=HSE-External-Clock-Source
VP_RCC_V_OSC_IN.Signal=RCC_V_OSC_IN
VP_RF_VS_RF.Mode=RF_Activate
VP_RF_VS_RF.Signal=RF_VS_RF
VP_RTC_VS_RTC_Activate.Mode=RTC_Enabled
VP_RTC_VS_RTC_Activate.Signal=RTC_VS_RTC_Activate
VP_RTC_VS_RTC_Calendar.Mode=RTC_Calendar
VP_RTC_VS_RTC_Calendar.Signal=RTC_VS_RTC_Calendar
VP_RTC_VS_RTC_WakeUp_intern.Mode=WakeUp
VP_RTC_VS_RTC_WakeUp_intern.Signal=RTC_VS_RTC_WakeUp_intern
VP_SEQUENCER_VS_SEQUENCER.Mode=SEQUENCER_Enabled
VP_SEQUENCER_VS_SEQUENCER.Signal=SEQUENCER_VS_SEQUENCER
VP_STM32_WPAN_VS_BLE_HOST.Mode=STM32_WPAN_Enabled
VP_STM32_WPAN_VS_BLE_HOST.Signal=STM32_WPAN_VS_BLE_HOST
VP_SYS_VS_Systick.Mode=SysTick
VP_SYS_VS_Systick.Signal=SYS_VS_Systick
VP_TINY_LPM_VS_TINY_LPM.Mode=TINY_LPM_Enabled
VP_TINY_LPM_VS_TINY_LPM.Signal=TINY_LPM_VS_TINY_LPM
board=STM32WB5MM-DK
boardIOC=true
isbadioc=false
